// !$*UTF8*$!
{
	archiveVersion = 1;
	classes = {
	};
	objectVersion = 50;
	objects = {

/* Begin PBXBuildFile section */
		49C8F1EEDA8C69EB85D7F454 /* Pods_BCAppTests.framework in Frameworks */ = {isa = PBXBuildFile; fileRef = F534673506145503A8B16AA8 /* Pods_BCAppTests.framework */; };
		612C86B4571114AF092BC13B /* Pods_BCAppUITests.framework in Frameworks */ = {isa = PBXBuildFile; fileRef = 6D7538A2DCD6263D07853C97 /* Pods_BCAppUITests.framework */; };
		8D804AE5208BB8E900126DDE /* SignUpController.m in Sources */ = {isa = PBXBuildFile; fileRef = 8D804AE4208BB8E900126DDE /* SignUpController.m */; };
		8D804AE8208BBE8500126DDE /* VerificationController.m in Sources */ = {isa = PBXBuildFile; fileRef = 8D804AE6208BBE8500126DDE /* VerificationController.m */; };
		8DB89ED8208BD17E0019A6D8 /* Rajdhani-Bold.ttf in Resources */ = {isa = PBXBuildFile; fileRef = 8DB89ED3208BD1730019A6D8 /* Rajdhani-Bold.ttf */; };
		8DB89ED9208BD1810019A6D8 /* Rajdhani-Light.ttf in Resources */ = {isa = PBXBuildFile; fileRef = 8DB89ED4208BD1730019A6D8 /* Rajdhani-Light.ttf */; };
		8DB89EDA208BD1810019A6D8 /* Rajdhani-Medium.ttf in Resources */ = {isa = PBXBuildFile; fileRef = 8DB89ED7208BD1730019A6D8 /* Rajdhani-Medium.ttf */; };
		8DB89EDB208BD1810019A6D8 /* Rajdhani-Regular.ttf in Resources */ = {isa = PBXBuildFile; fileRef = 8DB89ED6208BD1730019A6D8 /* Rajdhani-Regular.ttf */; };
		8DB89EDC208BD1810019A6D8 /* Rajdhani-SemiBold.ttf in Resources */ = {isa = PBXBuildFile; fileRef = 8DB89ED5208BD1730019A6D8 /* Rajdhani-SemiBold.ttf */; };
		8DB89EDF208BE2580019A6D8 /* LandingController.m in Sources */ = {isa = PBXBuildFile; fileRef = 8DB89EDE208BE2580019A6D8 /* LandingController.m */; };
		8DB89EE2208C0FCD0019A6D8 /* NewsController.m in Sources */ = {isa = PBXBuildFile; fileRef = 8DB89EE1208C0FCD0019A6D8 /* NewsController.m */; };
		8DB89EE9208C33570019A6D8 /* MapController.m in Sources */ = {isa = PBXBuildFile; fileRef = 8DB89EE8208C33570019A6D8 /* MapController.m */; };
		8DB89EEB208C34130019A6D8 /* MapKit.framework in Frameworks */ = {isa = PBXBuildFile; fileRef = 8DB89EEA208C34130019A6D8 /* MapKit.framework */; };
		8DB89EEE208C59ED0019A6D8 /* ProfileController.m in Sources */ = {isa = PBXBuildFile; fileRef = 8DB89EED208C59ED0019A6D8 /* ProfileController.m */; };
		8DB89EF1208C5E3C0019A6D8 /* OrganizationsController.m in Sources */ = {isa = PBXBuildFile; fileRef = 8DB89EF0208C5E3C0019A6D8 /* OrganizationsController.m */; };
		8DB89EF5208C60560019A6D8 /* LoadCell.xib in Resources */ = {isa = PBXBuildFile; fileRef = 8DB89EF2208C60560019A6D8 /* LoadCell.xib */; };
		8DB89EF6208C60560019A6D8 /* LoadCell.m in Sources */ = {isa = PBXBuildFile; fileRef = 8DB89EF3208C60560019A6D8 /* LoadCell.m */; };
		8DB89EFA208C61000019A6D8 /* AccountCell.xib in Resources */ = {isa = PBXBuildFile; fileRef = 8DB89EF7208C61000019A6D8 /* AccountCell.xib */; };
		8DB89EFB208C61000019A6D8 /* AccountCell.m in Sources */ = {isa = PBXBuildFile; fileRef = 8DB89EF9208C61000019A6D8 /* AccountCell.m */; };
		8DB89F0B208C72530019A6D8 /* MessagesController.m in Sources */ = {isa = PBXBuildFile; fileRef = 8DB89F09208C72520019A6D8 /* MessagesController.m */; };
		8DB89F0E208C75660019A6D8 /* MessageModelData.m in Sources */ = {isa = PBXBuildFile; fileRef = 8DB89F0D208C75660019A6D8 /* MessageModelData.m */; };
		8DB89F12208C8B650019A6D8 /* OrgProfileController.m in Sources */ = {isa = PBXBuildFile; fileRef = 8DB89F11208C8B640019A6D8 /* OrgProfileController.m */; };
		8DB89F18208C99940019A6D8 /* ChatsController.m in Sources */ = {isa = PBXBuildFile; fileRef = 8DB89F17208C99940019A6D8 /* ChatsController.m */; };
		8DB89F1B208CA6A90019A6D8 /* AddUsersController.m in Sources */ = {isa = PBXBuildFile; fileRef = 8DB89F1A208CA6A90019A6D8 /* AddUsersController.m */; };
		8DB89F1E208CC61B0019A6D8 /* ParentAddUsersController.m in Sources */ = {isa = PBXBuildFile; fileRef = 8DB89F1C208CC61A0019A6D8 /* ParentAddUsersController.m */; };
		8DFCD269208B992100FE0019 /* AppDelegate.m in Sources */ = {isa = PBXBuildFile; fileRef = 8DFCD268208B992100FE0019 /* AppDelegate.m */; };
		8DFCD26C208B992100FE0019 /* ViewController.m in Sources */ = {isa = PBXBuildFile; fileRef = 8DFCD26B208B992100FE0019 /* ViewController.m */; };
		8DFCD26F208B992100FE0019 /* Main.storyboard in Resources */ = {isa = PBXBuildFile; fileRef = 8DFCD26D208B992100FE0019 /* Main.storyboard */; };
		8DFCD272208B992100FE0019 /* BCApp.xcdatamodeld in Sources */ = {isa = PBXBuildFile; fileRef = 8DFCD270208B992100FE0019 /* BCApp.xcdatamodeld */; };
		8DFCD274208B992300FE0019 /* Assets.xcassets in Resources */ = {isa = PBXBuildFile; fileRef = 8DFCD273208B992300FE0019 /* Assets.xcassets */; };
		8DFCD277208B992300FE0019 /* LaunchScreen.storyboard in Resources */ = {isa = PBXBuildFile; fileRef = 8DFCD275208B992300FE0019 /* LaunchScreen.storyboard */; };
		8DFCD27A208B992300FE0019 /* main.m in Sources */ = {isa = PBXBuildFile; fileRef = 8DFCD279208B992300FE0019 /* main.m */; };
		8DFCD284208B992300FE0019 /* BCAppTests.m in Sources */ = {isa = PBXBuildFile; fileRef = 8DFCD283208B992300FE0019 /* BCAppTests.m */; };
		8DFCD28F208B992300FE0019 /* BCAppUITests.m in Sources */ = {isa = PBXBuildFile; fileRef = 8DFCD28E208B992300FE0019 /* BCAppUITests.m */; };
		8DFCD29E208B9E1000FE0019 /* AuthController.m in Sources */ = {isa = PBXBuildFile; fileRef = 8DFCD29C208B9E1000FE0019 /* AuthController.m */; };
		C894D447460906418ABA2D5D /* Pods_BCApp.framework in Frameworks */ = {isa = PBXBuildFile; fileRef = 884A995BB343CA50DCBC4502 /* Pods_BCApp.framework */; };
/* End PBXBuildFile section */

/* Begin PBXContainerItemProxy section */
		8DFCD280208B992300FE0019 /* PBXContainerItemProxy */ = {
			isa = PBXContainerItemProxy;
			containerPortal = 8DFCD25C208B992100FE0019 /* Project object */;
			proxyType = 1;
			remoteGlobalIDString = 8DFCD263208B992100FE0019;
			remoteInfo = BCApp;
		};
		8DFCD28B208B992300FE0019 /* PBXContainerItemProxy */ = {
			isa = PBXContainerItemProxy;
			containerPortal = 8DFCD25C208B992100FE0019 /* Project object */;
			proxyType = 1;
			remoteGlobalIDString = 8DFCD263208B992100FE0019;
			remoteInfo = BCApp;
		};
/* End PBXContainerItemProxy section */

/* Begin PBXFileReference section */
		11A97B34FF3F149D54897E81 /* Pods-BCAppUITests.debug.xcconfig */ = {isa = PBXFileReference; includeInIndex = 1; lastKnownFileType = text.xcconfig; name = "Pods-BCAppUITests.debug.xcconfig"; path = "Pods/Target Support Files/Pods-BCAppUITests/Pods-BCAppUITests.debug.xcconfig"; sourceTree = "<group>"; };
		279DFA92F3FDB7AB1F7F4FDA /* Pods-BCAppUITests.release.xcconfig */ = {isa = PBXFileReference; includeInIndex = 1; lastKnownFileType = text.xcconfig; name = "Pods-BCAppUITests.release.xcconfig"; path = "Pods/Target Support Files/Pods-BCAppUITests/Pods-BCAppUITests.release.xcconfig"; sourceTree = "<group>"; };
		3098B259C62FB326D89B703F /* Pods-BCAppTests.debug.xcconfig */ = {isa = PBXFileReference; includeInIndex = 1; lastKnownFileType = text.xcconfig; name = "Pods-BCAppTests.debug.xcconfig"; path = "Pods/Target Support Files/Pods-BCAppTests/Pods-BCAppTests.debug.xcconfig"; sourceTree = "<group>"; };
		485430218D7BF4FAEB0D0DE7 /* Pods-BCApp.release.xcconfig */ = {isa = PBXFileReference; includeInIndex = 1; lastKnownFileType = text.xcconfig; name = "Pods-BCApp.release.xcconfig"; path = "Pods/Target Support Files/Pods-BCApp/Pods-BCApp.release.xcconfig"; sourceTree = "<group>"; };
		6D7538A2DCD6263D07853C97 /* Pods_BCAppUITests.framework */ = {isa = PBXFileReference; explicitFileType = wrapper.framework; includeInIndex = 0; path = Pods_BCAppUITests.framework; sourceTree = BUILT_PRODUCTS_DIR; };
		884A995BB343CA50DCBC4502 /* Pods_BCApp.framework */ = {isa = PBXFileReference; explicitFileType = wrapper.framework; includeInIndex = 0; path = Pods_BCApp.framework; sourceTree = BUILT_PRODUCTS_DIR; };
		8D804AE3208BB8E900126DDE /* SignUpController.h */ = {isa = PBXFileReference; fileEncoding = 4; lastKnownFileType = sourcecode.c.h; path = SignUpController.h; sourceTree = "<group>"; };
		8D804AE4208BB8E900126DDE /* SignUpController.m */ = {isa = PBXFileReference; fileEncoding = 4; lastKnownFileType = sourcecode.c.objc; path = SignUpController.m; sourceTree = "<group>"; };
		8D804AE6208BBE8500126DDE /* VerificationController.m */ = {isa = PBXFileReference; fileEncoding = 4; lastKnownFileType = sourcecode.c.objc; path = VerificationController.m; sourceTree = "<group>"; };
		8D804AE7208BBE8500126DDE /* VerificationController.h */ = {isa = PBXFileReference; fileEncoding = 4; lastKnownFileType = sourcecode.c.h; path = VerificationController.h; sourceTree = "<group>"; };
		8DB89EC4208BCB090019A6D8 /* HelperClass.h */ = {isa = PBXFileReference; lastKnownFileType = sourcecode.c.h; path = HelperClass.h; sourceTree = "<group>"; };
		8DB89ED3208BD1730019A6D8 /* Rajdhani-Bold.ttf */ = {isa = PBXFileReference; lastKnownFileType = file; path = "Rajdhani-Bold.ttf"; sourceTree = "<group>"; };
		8DB89ED4208BD1730019A6D8 /* Rajdhani-Light.ttf */ = {isa = PBXFileReference; lastKnownFileType = file; path = "Rajdhani-Light.ttf"; sourceTree = "<group>"; };
		8DB89ED5208BD1730019A6D8 /* Rajdhani-SemiBold.ttf */ = {isa = PBXFileReference; lastKnownFileType = file; path = "Rajdhani-SemiBold.ttf"; sourceTree = "<group>"; };
		8DB89ED6208BD1730019A6D8 /* Rajdhani-Regular.ttf */ = {isa = PBXFileReference; lastKnownFileType = file; path = "Rajdhani-Regular.ttf"; sourceTree = "<group>"; };
		8DB89ED7208BD1730019A6D8 /* Rajdhani-Medium.ttf */ = {isa = PBXFileReference; lastKnownFileType = file; path = "Rajdhani-Medium.ttf"; sourceTree = "<group>"; };
		8DB89EDD208BE2580019A6D8 /* LandingController.h */ = {isa = PBXFileReference; fileEncoding = 4; lastKnownFileType = sourcecode.c.h; path = LandingController.h; sourceTree = "<group>"; };
		8DB89EDE208BE2580019A6D8 /* LandingController.m */ = {isa = PBXFileReference; fileEncoding = 4; lastKnownFileType = sourcecode.c.objc; path = LandingController.m; sourceTree = "<group>"; };
		8DB89EE0208C0FCC0019A6D8 /* NewsController.h */ = {isa = PBXFileReference; fileEncoding = 4; lastKnownFileType = sourcecode.c.h; path = NewsController.h; sourceTree = "<group>"; };
		8DB89EE1208C0FCD0019A6D8 /* NewsController.m */ = {isa = PBXFileReference; fileEncoding = 4; lastKnownFileType = sourcecode.c.objc; path = NewsController.m; sourceTree = "<group>"; };
		8DB89EE3208C19C00019A6D8 /* BCApp.entitlements */ = {isa = PBXFileReference; lastKnownFileType = text.plist.entitlements; path = BCApp.entitlements; sourceTree = "<group>"; };
		8DB89EE7208C33570019A6D8 /* MapController.h */ = {isa = PBXFileReference; fileEncoding = 4; lastKnownFileType = sourcecode.c.h; path = MapController.h; sourceTree = "<group>"; };
		8DB89EE8208C33570019A6D8 /* MapController.m */ = {isa = PBXFileReference; fileEncoding = 4; lastKnownFileType = sourcecode.c.objc; path = MapController.m; sourceTree = "<group>"; };
		8DB89EEA208C34130019A6D8 /* MapKit.framework */ = {isa = PBXFileReference; lastKnownFileType = wrapper.framework; name = MapKit.framework; path = System/Library/Frameworks/MapKit.framework; sourceTree = SDKROOT; };
		8DB89EEC208C59ED0019A6D8 /* ProfileController.h */ = {isa = PBXFileReference; fileEncoding = 4; lastKnownFileType = sourcecode.c.h; path = ProfileController.h; sourceTree = "<group>"; };
		8DB89EED208C59ED0019A6D8 /* ProfileController.m */ = {isa = PBXFileReference; fileEncoding = 4; lastKnownFileType = sourcecode.c.objc; path = ProfileController.m; sourceTree = "<group>"; };
		8DB89EEF208C5E3B0019A6D8 /* OrganizationsController.h */ = {isa = PBXFileReference; fileEncoding = 4; lastKnownFileType = sourcecode.c.h; path = OrganizationsController.h; sourceTree = "<group>"; };
		8DB89EF0208C5E3C0019A6D8 /* OrganizationsController.m */ = {isa = PBXFileReference; fileEncoding = 4; lastKnownFileType = sourcecode.c.objc; path = OrganizationsController.m; sourceTree = "<group>"; };
		8DB89EF2208C60560019A6D8 /* LoadCell.xib */ = {isa = PBXFileReference; fileEncoding = 4; lastKnownFileType = file.xib; path = LoadCell.xib; sourceTree = "<group>"; };
		8DB89EF3208C60560019A6D8 /* LoadCell.m */ = {isa = PBXFileReference; fileEncoding = 4; lastKnownFileType = sourcecode.c.objc; path = LoadCell.m; sourceTree = "<group>"; };
		8DB89EF4208C60560019A6D8 /* LoadCell.h */ = {isa = PBXFileReference; fileEncoding = 4; lastKnownFileType = sourcecode.c.h; path = LoadCell.h; sourceTree = "<group>"; };
		8DB89EF7208C61000019A6D8 /* AccountCell.xib */ = {isa = PBXFileReference; fileEncoding = 4; lastKnownFileType = file.xib; path = AccountCell.xib; sourceTree = "<group>"; };
		8DB89EF8208C61000019A6D8 /* AccountCell.h */ = {isa = PBXFileReference; fileEncoding = 4; lastKnownFileType = sourcecode.c.h; path = AccountCell.h; sourceTree = "<group>"; };
		8DB89EF9208C61000019A6D8 /* AccountCell.m */ = {isa = PBXFileReference; fileEncoding = 4; lastKnownFileType = sourcecode.c.objc; path = AccountCell.m; sourceTree = "<group>"; };
		8DB89F09208C72520019A6D8 /* MessagesController.m */ = {isa = PBXFileReference; fileEncoding = 4; lastKnownFileType = sourcecode.c.objc; path = MessagesController.m; sourceTree = "<group>"; };
		8DB89F0A208C72530019A6D8 /* MessagesController.h */ = {isa = PBXFileReference; fileEncoding = 4; lastKnownFileType = sourcecode.c.h; path = MessagesController.h; sourceTree = "<group>"; };
		8DB89F0C208C75650019A6D8 /* MessageModelData.h */ = {isa = PBXFileReference; fileEncoding = 4; lastKnownFileType = sourcecode.c.h; path = MessageModelData.h; sourceTree = "<group>"; };
		8DB89F0D208C75660019A6D8 /* MessageModelData.m */ = {isa = PBXFileReference; fileEncoding = 4; lastKnownFileType = sourcecode.c.objc; path = MessageModelData.m; sourceTree = "<group>"; };
		8DB89F0F208C7F290019A6D8 /* JSQMessagesViewAccessoryButtonDelegate.h */ = {isa = PBXFileReference; lastKnownFileType = sourcecode.c.h; path = JSQMessagesViewAccessoryButtonDelegate.h; sourceTree = "<group>"; };
		8DB89F10208C8B640019A6D8 /* OrgProfileController.h */ = {isa = PBXFileReference; fileEncoding = 4; lastKnownFileType = sourcecode.c.h; path = OrgProfileController.h; sourceTree = "<group>"; };
		8DB89F11208C8B640019A6D8 /* OrgProfileController.m */ = {isa = PBXFileReference; fileEncoding = 4; lastKnownFileType = sourcecode.c.objc; path = OrgProfileController.m; sourceTree = "<group>"; };
		8DB89F16208C99930019A6D8 /* ChatsController.h */ = {isa = PBXFileReference; fileEncoding = 4; lastKnownFileType = sourcecode.c.h; path = ChatsController.h; sourceTree = "<group>"; };
		8DB89F17208C99940019A6D8 /* ChatsController.m */ = {isa = PBXFileReference; fileEncoding = 4; lastKnownFileType = sourcecode.c.objc; path = ChatsController.m; sourceTree = "<group>"; };
		8DB89F19208CA6A90019A6D8 /* AddUsersController.h */ = {isa = PBXFileReference; fileEncoding = 4; lastKnownFileType = sourcecode.c.h; path = AddUsersController.h; sourceTree = "<group>"; };
		8DB89F1A208CA6A90019A6D8 /* AddUsersController.m */ = {isa = PBXFileReference; fileEncoding = 4; lastKnownFileType = sourcecode.c.objc; path = AddUsersController.m; sourceTree = "<group>"; };
		8DB89F1C208CC61A0019A6D8 /* ParentAddUsersController.m */ = {isa = PBXFileReference; fileEncoding = 4; lastKnownFileType = sourcecode.c.objc; path = ParentAddUsersController.m; sourceTree = "<group>"; };
		8DB89F1D208CC61B0019A6D8 /* ParentAddUsersController.h */ = {isa = PBXFileReference; fileEncoding = 4; lastKnownFileType = sourcecode.c.h; path = ParentAddUsersController.h; sourceTree = "<group>"; };
		8DFCD264208B992100FE0019 /* BCApp.app */ = {isa = PBXFileReference; explicitFileType = wrapper.application; includeInIndex = 0; path = BCApp.app; sourceTree = BUILT_PRODUCTS_DIR; };
		8DFCD267208B992100FE0019 /* AppDelegate.h */ = {isa = PBXFileReference; lastKnownFileType = sourcecode.c.h; path = AppDelegate.h; sourceTree = "<group>"; };
		8DFCD268208B992100FE0019 /* AppDelegate.m */ = {isa = PBXFileReference; lastKnownFileType = sourcecode.c.objc; path = AppDelegate.m; sourceTree = "<group>"; };
		8DFCD26A208B992100FE0019 /* ViewController.h */ = {isa = PBXFileReference; lastKnownFileType = sourcecode.c.h; path = ViewController.h; sourceTree = "<group>"; };
		8DFCD26B208B992100FE0019 /* ViewController.m */ = {isa = PBXFileReference; lastKnownFileType = sourcecode.c.objc; path = ViewController.m; sourceTree = "<group>"; };
		8DFCD26E208B992100FE0019 /* Base */ = {isa = PBXFileReference; lastKnownFileType = file.storyboard; name = Base; path = Base.lproj/Main.storyboard; sourceTree = "<group>"; };
		8DFCD271208B992100FE0019 /* BCApp.xcdatamodel */ = {isa = PBXFileReference; lastKnownFileType = wrapper.xcdatamodel; path = BCApp.xcdatamodel; sourceTree = "<group>"; };
		8DFCD273208B992300FE0019 /* Assets.xcassets */ = {isa = PBXFileReference; lastKnownFileType = folder.assetcatalog; path = Assets.xcassets; sourceTree = "<group>"; };
		8DFCD276208B992300FE0019 /* Base */ = {isa = PBXFileReference; lastKnownFileType = file.storyboard; name = Base; path = Base.lproj/LaunchScreen.storyboard; sourceTree = "<group>"; };
		8DFCD278208B992300FE0019 /* Info.plist */ = {isa = PBXFileReference; lastKnownFileType = text.plist.xml; path = Info.plist; sourceTree = "<group>"; };
		8DFCD279208B992300FE0019 /* main.m */ = {isa = PBXFileReference; lastKnownFileType = sourcecode.c.objc; path = main.m; sourceTree = "<group>"; };
		8DFCD27F208B992300FE0019 /* BCAppTests.xctest */ = {isa = PBXFileReference; explicitFileType = wrapper.cfbundle; includeInIndex = 0; path = BCAppTests.xctest; sourceTree = BUILT_PRODUCTS_DIR; };
		8DFCD283208B992300FE0019 /* BCAppTests.m */ = {isa = PBXFileReference; lastKnownFileType = sourcecode.c.objc; path = BCAppTests.m; sourceTree = "<group>"; };
		8DFCD285208B992300FE0019 /* Info.plist */ = {isa = PBXFileReference; lastKnownFileType = text.plist.xml; path = Info.plist; sourceTree = "<group>"; };
		8DFCD28A208B992300FE0019 /* BCAppUITests.xctest */ = {isa = PBXFileReference; explicitFileType = wrapper.cfbundle; includeInIndex = 0; path = BCAppUITests.xctest; sourceTree = BUILT_PRODUCTS_DIR; };
		8DFCD28E208B992300FE0019 /* BCAppUITests.m */ = {isa = PBXFileReference; lastKnownFileType = sourcecode.c.objc; path = BCAppUITests.m; sourceTree = "<group>"; };
		8DFCD290208B992300FE0019 /* Info.plist */ = {isa = PBXFileReference; lastKnownFileType = text.plist.xml; path = Info.plist; sourceTree = "<group>"; };
		8DFCD29C208B9E1000FE0019 /* AuthController.m */ = {isa = PBXFileReference; fileEncoding = 4; lastKnownFileType = sourcecode.c.objc; path = AuthController.m; sourceTree = "<group>"; };
		8DFCD29D208B9E1000FE0019 /* AuthController.h */ = {isa = PBXFileReference; fileEncoding = 4; lastKnownFileType = sourcecode.c.h; path = AuthController.h; sourceTree = "<group>"; };
		8DFCD29F208BA88100FE0019 /* libParse.a */ = {isa = PBXFileReference; explicitFileType = archive.ar; path = libParse.a; sourceTree = BUILT_PRODUCTS_DIR; };
		9AA705D37C653CE5BB8718E7 /* Pods-BCAppTests.release.xcconfig */ = {isa = PBXFileReference; includeInIndex = 1; lastKnownFileType = text.xcconfig; name = "Pods-BCAppTests.release.xcconfig"; path = "Pods/Target Support Files/Pods-BCAppTests/Pods-BCAppTests.release.xcconfig"; sourceTree = "<group>"; };
		BEEF8A1EE3B0C75FB04A96B6 /* Pods-BCApp.debug.xcconfig */ = {isa = PBXFileReference; includeInIndex = 1; lastKnownFileType = text.xcconfig; name = "Pods-BCApp.debug.xcconfig"; path = "Pods/Target Support Files/Pods-BCApp/Pods-BCApp.debug.xcconfig"; sourceTree = "<group>"; };
		F534673506145503A8B16AA8 /* Pods_BCAppTests.framework */ = {isa = PBXFileReference; explicitFileType = wrapper.framework; includeInIndex = 0; path = Pods_BCAppTests.framework; sourceTree = BUILT_PRODUCTS_DIR; };
/* End PBXFileReference section */

/* Begin PBXFrameworksBuildPhase section */
		8DFCD261208B992100FE0019 /* Frameworks */ = {
			isa = PBXFrameworksBuildPhase;
			buildActionMask = 2147483647;
			files = (
				8DB89EEB208C34130019A6D8 /* MapKit.framework in Frameworks */,
				C894D447460906418ABA2D5D /* Pods_BCApp.framework in Frameworks */,
			);
			runOnlyForDeploymentPostprocessing = 0;
		};
		8DFCD27C208B992300FE0019 /* Frameworks */ = {
			isa = PBXFrameworksBuildPhase;
			buildActionMask = 2147483647;
			files = (
				49C8F1EEDA8C69EB85D7F454 /* Pods_BCAppTests.framework in Frameworks */,
			);
			runOnlyForDeploymentPostprocessing = 0;
		};
		8DFCD287208B992300FE0019 /* Frameworks */ = {
			isa = PBXFrameworksBuildPhase;
			buildActionMask = 2147483647;
			files = (
				612C86B4571114AF092BC13B /* Pods_BCAppUITests.framework in Frameworks */,
			);
			runOnlyForDeploymentPostprocessing = 0;
		};
/* End PBXFrameworksBuildPhase section */

/* Begin PBXGroup section */
		1AF43B8F208BA08B00132D4C /* VC Files */ = {
			isa = PBXGroup;
			children = (
				8DB89EC4208BCB090019A6D8 /* HelperClass.h */,
				8DFCD26A208B992100FE0019 /* ViewController.h */,
				8DFCD26B208B992100FE0019 /* ViewController.m */,
				8DB89EDD208BE2580019A6D8 /* LandingController.h */,
				8DB89EDE208BE2580019A6D8 /* LandingController.m */,
				8DFCD29D208B9E1000FE0019 /* AuthController.h */,
				8DFCD29C208B9E1000FE0019 /* AuthController.m */,
				8D804AE3208BB8E900126DDE /* SignUpController.h */,
				8D804AE4208BB8E900126DDE /* SignUpController.m */,
				8D804AE7208BBE8500126DDE /* VerificationController.h */,
				8D804AE6208BBE8500126DDE /* VerificationController.m */,
				8DB89EE0208C0FCC0019A6D8 /* NewsController.h */,
				8DB89EE1208C0FCD0019A6D8 /* NewsController.m */,
				8DB89EE7208C33570019A6D8 /* MapController.h */,
				8DB89EE8208C33570019A6D8 /* MapController.m */,
				8DB89EEF208C5E3B0019A6D8 /* OrganizationsController.h */,
				8DB89EF0208C5E3C0019A6D8 /* OrganizationsController.m */,
				8DB89EF8208C61000019A6D8 /* AccountCell.h */,
				8DB89EF9208C61000019A6D8 /* AccountCell.m */,
				8DB89EF7208C61000019A6D8 /* AccountCell.xib */,
				8DB89EF4208C60560019A6D8 /* LoadCell.h */,
				8DB89EF3208C60560019A6D8 /* LoadCell.m */,
				8DB89EF2208C60560019A6D8 /* LoadCell.xib */,
				8DB89F10208C8B640019A6D8 /* OrgProfileController.h */,
				8DB89F11208C8B640019A6D8 /* OrgProfileController.m */,
				8DB89EEC208C59ED0019A6D8 /* ProfileController.h */,
				8DB89EED208C59ED0019A6D8 /* ProfileController.m */,
				8DB89F0A208C72530019A6D8 /* MessagesController.h */,
				8DB89F09208C72520019A6D8 /* MessagesController.m */,
				8DB89F0C208C75650019A6D8 /* MessageModelData.h */,
				8DB89F0D208C75660019A6D8 /* MessageModelData.m */,
				8DB89F0F208C7F290019A6D8 /* JSQMessagesViewAccessoryButtonDelegate.h */,
				8DB89F16208C99930019A6D8 /* ChatsController.h */,
				8DB89F17208C99940019A6D8 /* ChatsController.m */,
				8DB89F19208CA6A90019A6D8 /* AddUsersController.h */,
				8DB89F1A208CA6A90019A6D8 /* AddUsersController.m */,
				8DB89F1D208CC61B0019A6D8 /* ParentAddUsersController.h */,
				8DB89F1C208CC61A0019A6D8 /* ParentAddUsersController.m */,
			);
			path = "VC Files";
			sourceTree = "<group>";
		};
		34EAFF9D220F35C17DC2E148 /* Frameworks */ = {
			isa = PBXGroup;
			children = (
				8DB89EEA208C34130019A6D8 /* MapKit.framework */,
				8DFCD29F208BA88100FE0019 /* libParse.a */,
				884A995BB343CA50DCBC4502 /* Pods_BCApp.framework */,
				F534673506145503A8B16AA8 /* Pods_BCAppTests.framework */,
				6D7538A2DCD6263D07853C97 /* Pods_BCAppUITests.framework */,
			);
			name = Frameworks;
			sourceTree = "<group>";
		};
		8DB89ED2208BD15D0019A6D8 /* fonts */ = {
			isa = PBXGroup;
			children = (
				8DB89ED3208BD1730019A6D8 /* Rajdhani-Bold.ttf */,
				8DB89ED4208BD1730019A6D8 /* Rajdhani-Light.ttf */,
				8DB89ED7208BD1730019A6D8 /* Rajdhani-Medium.ttf */,
				8DB89ED6208BD1730019A6D8 /* Rajdhani-Regular.ttf */,
				8DB89ED5208BD1730019A6D8 /* Rajdhani-SemiBold.ttf */,
			);
			path = fonts;
			sourceTree = "<group>";
		};
		8DFCD25B208B992100FE0019 = {
			isa = PBXGroup;
			children = (
				8DFCD266208B992100FE0019 /* BCApp */,
				8DFCD282208B992300FE0019 /* BCAppTests */,
				8DFCD28D208B992300FE0019 /* BCAppUITests */,
				8DFCD265208B992100FE0019 /* Products */,
				C0578EF20FAFA48FEBBEF9EF /* Pods */,
				34EAFF9D220F35C17DC2E148 /* Frameworks */,
			);
			sourceTree = "<group>";
		};
		8DFCD265208B992100FE0019 /* Products */ = {
			isa = PBXGroup;
			children = (
				8DFCD264208B992100FE0019 /* BCApp.app */,
				8DFCD27F208B992300FE0019 /* BCAppTests.xctest */,
				8DFCD28A208B992300FE0019 /* BCAppUITests.xctest */,
			);
			name = Products;
			sourceTree = "<group>";
		};
		8DFCD266208B992100FE0019 /* BCApp */ = {
			isa = PBXGroup;
			children = (
				8DB89EE3208C19C00019A6D8 /* BCApp.entitlements */,
				8DB89ED2208BD15D0019A6D8 /* fonts */,
				1AF43B8F208BA08B00132D4C /* VC Files */,
				8DFCD267208B992100FE0019 /* AppDelegate.h */,
				8DFCD268208B992100FE0019 /* AppDelegate.m */,
				8DFCD26D208B992100FE0019 /* Main.storyboard */,
				8DFCD273208B992300FE0019 /* Assets.xcassets */,
				8DFCD275208B992300FE0019 /* LaunchScreen.storyboard */,
				8DFCD278208B992300FE0019 /* Info.plist */,
				8DFCD279208B992300FE0019 /* main.m */,
				8DFCD270208B992100FE0019 /* BCApp.xcdatamodeld */,
			);
			path = BCApp;
			sourceTree = "<group>";
		};
		8DFCD282208B992300FE0019 /* BCAppTests */ = {
			isa = PBXGroup;
			children = (
				8DFCD283208B992300FE0019 /* BCAppTests.m */,
				8DFCD285208B992300FE0019 /* Info.plist */,
			);
			path = BCAppTests;
			sourceTree = "<group>";
		};
		8DFCD28D208B992300FE0019 /* BCAppUITests */ = {
			isa = PBXGroup;
			children = (
				8DFCD28E208B992300FE0019 /* BCAppUITests.m */,
				8DFCD290208B992300FE0019 /* Info.plist */,
			);
			path = BCAppUITests;
			sourceTree = "<group>";
		};
		C0578EF20FAFA48FEBBEF9EF /* Pods */ = {
			isa = PBXGroup;
			children = (
				BEEF8A1EE3B0C75FB04A96B6 /* Pods-BCApp.debug.xcconfig */,
				485430218D7BF4FAEB0D0DE7 /* Pods-BCApp.release.xcconfig */,
				3098B259C62FB326D89B703F /* Pods-BCAppTests.debug.xcconfig */,
				9AA705D37C653CE5BB8718E7 /* Pods-BCAppTests.release.xcconfig */,
				11A97B34FF3F149D54897E81 /* Pods-BCAppUITests.debug.xcconfig */,
				279DFA92F3FDB7AB1F7F4FDA /* Pods-BCAppUITests.release.xcconfig */,
			);
			name = Pods;
			sourceTree = "<group>";
		};
/* End PBXGroup section */

/* Begin PBXNativeTarget section */
		8DFCD263208B992100FE0019 /* BCApp */ = {
			isa = PBXNativeTarget;
			buildConfigurationList = 8DFCD293208B992300FE0019 /* Build configuration list for PBXNativeTarget "BCApp" */;
			buildPhases = (
				DF0E2FAC6421434FED6927DA /* [CP] Check Pods Manifest.lock */,
				8DFCD260208B992100FE0019 /* Sources */,
				8DFCD261208B992100FE0019 /* Frameworks */,
				8DFCD262208B992100FE0019 /* Resources */,
				6DB3B488055ACCAA040F7292 /* [CP] Embed Pods Frameworks */,
				5CAE8BE6713AE76EE257D28E /* [CP] Copy Pods Resources */,
			);
			buildRules = (
			);
			dependencies = (
			);
			name = BCApp;
			productName = BCApp;
			productReference = 8DFCD264208B992100FE0019 /* BCApp.app */;
			productType = "com.apple.product-type.application";
		};
		8DFCD27E208B992300FE0019 /* BCAppTests */ = {
			isa = PBXNativeTarget;
			buildConfigurationList = 8DFCD296208B992300FE0019 /* Build configuration list for PBXNativeTarget "BCAppTests" */;
			buildPhases = (
				664F0F5F5CED00A8016FA872 /* [CP] Check Pods Manifest.lock */,
				8DFCD27B208B992300FE0019 /* Sources */,
				8DFCD27C208B992300FE0019 /* Frameworks */,
				8DFCD27D208B992300FE0019 /* Resources */,
				28A81D17CBA36603860FDFDB /* [CP] Embed Pods Frameworks */,
			);
			buildRules = (
			);
			dependencies = (
				8DFCD281208B992300FE0019 /* PBXTargetDependency */,
			);
			name = BCAppTests;
			productName = BCAppTests;
			productReference = 8DFCD27F208B992300FE0019 /* BCAppTests.xctest */;
			productType = "com.apple.product-type.bundle.unit-test";
		};
		8DFCD289208B992300FE0019 /* BCAppUITests */ = {
			isa = PBXNativeTarget;
			buildConfigurationList = 8DFCD299208B992300FE0019 /* Build configuration list for PBXNativeTarget "BCAppUITests" */;
			buildPhases = (
				511E7FFCDB4FA6FEB1B4225E /* [CP] Check Pods Manifest.lock */,
				8DFCD286208B992300FE0019 /* Sources */,
				8DFCD287208B992300FE0019 /* Frameworks */,
				8DFCD288208B992300FE0019 /* Resources */,
				A9C12058136A32AC39140FAC /* [CP] Embed Pods Frameworks */,
			);
			buildRules = (
			);
			dependencies = (
				8DFCD28C208B992300FE0019 /* PBXTargetDependency */,
			);
			name = BCAppUITests;
			productName = BCAppUITests;
			productReference = 8DFCD28A208B992300FE0019 /* BCAppUITests.xctest */;
			productType = "com.apple.product-type.bundle.ui-testing";
		};
/* End PBXNativeTarget section */

/* Begin PBXProject section */
		8DFCD25C208B992100FE0019 /* Project object */ = {
			isa = PBXProject;
			attributes = {
				LastUpgradeCheck = 0930;
				ORGANIZATIONNAME = "Double Trouble Studio";
				TargetAttributes = {
					8DFCD263208B992100FE0019 = {
						CreatedOnToolsVersion = 9.3;
						SystemCapabilities = {
							com.apple.Maps.iOS = {
								enabled = 1;
							};
							com.apple.Push = {
								enabled = 1;
							};
						};
					};
					8DFCD27E208B992300FE0019 = {
						CreatedOnToolsVersion = 9.3;
						TestTargetID = 8DFCD263208B992100FE0019;
					};
					8DFCD289208B992300FE0019 = {
						CreatedOnToolsVersion = 9.3;
						TestTargetID = 8DFCD263208B992100FE0019;
					};
				};
			};
			buildConfigurationList = 8DFCD25F208B992100FE0019 /* Build configuration list for PBXProject "BCApp" */;
			compatibilityVersion = "Xcode 9.3";
			developmentRegion = en;
			hasScannedForEncodings = 0;
			knownRegions = (
				en,
				Base,
			);
			mainGroup = 8DFCD25B208B992100FE0019;
			productRefGroup = 8DFCD265208B992100FE0019 /* Products */;
			projectDirPath = "";
			projectRoot = "";
			targets = (
				8DFCD263208B992100FE0019 /* BCApp */,
				8DFCD27E208B992300FE0019 /* BCAppTests */,
				8DFCD289208B992300FE0019 /* BCAppUITests */,
			);
		};
/* End PBXProject section */

/* Begin PBXResourcesBuildPhase section */
		8DFCD262208B992100FE0019 /* Resources */ = {
			isa = PBXResourcesBuildPhase;
			buildActionMask = 2147483647;
			files = (
				8DB89EDB208BD1810019A6D8 /* Rajdhani-Regular.ttf in Resources */,
				8DB89ED8208BD17E0019A6D8 /* Rajdhani-Bold.ttf in Resources */,
				8DB89ED9208BD1810019A6D8 /* Rajdhani-Light.ttf in Resources */,
				8DB89EDA208BD1810019A6D8 /* Rajdhani-Medium.ttf in Resources */,
				8DFCD277208B992300FE0019 /* LaunchScreen.storyboard in Resources */,
				8DB89EFA208C61000019A6D8 /* AccountCell.xib in Resources */,
				8DFCD274208B992300FE0019 /* Assets.xcassets in Resources */,
				8DB89EF5208C60560019A6D8 /* LoadCell.xib in Resources */,
				8DB89EDC208BD1810019A6D8 /* Rajdhani-SemiBold.ttf in Resources */,
				8DFCD26F208B992100FE0019 /* Main.storyboard in Resources */,
			);
			runOnlyForDeploymentPostprocessing = 0;
		};
		8DFCD27D208B992300FE0019 /* Resources */ = {
			isa = PBXResourcesBuildPhase;
			buildActionMask = 2147483647;
			files = (
			);
			runOnlyForDeploymentPostprocessing = 0;
		};
		8DFCD288208B992300FE0019 /* Resources */ = {
			isa = PBXResourcesBuildPhase;
			buildActionMask = 2147483647;
			files = (
			);
			runOnlyForDeploymentPostprocessing = 0;
		};
/* End PBXResourcesBuildPhase section */

/* Begin PBXShellScriptBuildPhase section */
		28A81D17CBA36603860FDFDB /* [CP] Embed Pods Frameworks */ = {
			isa = PBXShellScriptBuildPhase;
			buildActionMask = 2147483647;
			files = (
			);
			inputPaths = (
				"${SRCROOT}/Pods/Target Support Files/Pods-BCAppTests/Pods-BCAppTests-frameworks.sh",
				"${BUILT_PRODUCTS_DIR}/Bolts/Bolts.framework",
				"${BUILT_PRODUCTS_DIR}/Parse/Parse.framework",
			);
			name = "[CP] Embed Pods Frameworks";
			outputPaths = (
				"${TARGET_BUILD_DIR}/${FRAMEWORKS_FOLDER_PATH}/Bolts.framework",
				"${TARGET_BUILD_DIR}/${FRAMEWORKS_FOLDER_PATH}/Parse.framework",
			);
			runOnlyForDeploymentPostprocessing = 0;
			shellPath = /bin/sh;
			shellScript = "\"${SRCROOT}/Pods/Target Support Files/Pods-BCAppTests/Pods-BCAppTests-frameworks.sh\"\n";
			showEnvVarsInLog = 0;
		};
		511E7FFCDB4FA6FEB1B4225E /* [CP] Check Pods Manifest.lock */ = {
			isa = PBXShellScriptBuildPhase;
			buildActionMask = 2147483647;
			files = (
			);
			inputPaths = (
				"${PODS_PODFILE_DIR_PATH}/Podfile.lock",
				"${PODS_ROOT}/Manifest.lock",
			);
			name = "[CP] Check Pods Manifest.lock";
			outputPaths = (
				"$(DERIVED_FILE_DIR)/Pods-BCAppUITests-checkManifestLockResult.txt",
			);
			runOnlyForDeploymentPostprocessing = 0;
			shellPath = /bin/sh;
			shellScript = "diff \"${PODS_PODFILE_DIR_PATH}/Podfile.lock\" \"${PODS_ROOT}/Manifest.lock\" > /dev/null\nif [ $? != 0 ] ; then\n    # print error to STDERR\n    echo \"error: The sandbox is not in sync with the Podfile.lock. Run 'pod install' or update your CocoaPods installation.\" >&2\n    exit 1\nfi\n# This output is used by Xcode 'outputs' to avoid re-running this script phase.\necho \"SUCCESS\" > \"${SCRIPT_OUTPUT_FILE_0}\"\n";
			showEnvVarsInLog = 0;
		};
		5CAE8BE6713AE76EE257D28E /* [CP] Copy Pods Resources */ = {
			isa = PBXShellScriptBuildPhase;
			buildActionMask = 2147483647;
			files = (
			);
			inputPaths = (
				"${SRCROOT}/Pods/Target Support Files/Pods-BCApp/Pods-BCApp-resources.sh",
				"${PODS_ROOT}/TwitterKit/iOS/TwitterKit.framework/TwitterKitResources.bundle",
				"${PODS_ROOT}/TwitterKit/iOS/TwitterKit.framework/TwitterShareExtensionUIResources.bundle",
			);
			name = "[CP] Copy Pods Resources";
			outputPaths = (
				"${TARGET_BUILD_DIR}/${UNLOCALIZED_RESOURCES_FOLDER_PATH}/TwitterKitResources.bundle",
				"${TARGET_BUILD_DIR}/${UNLOCALIZED_RESOURCES_FOLDER_PATH}/TwitterShareExtensionUIResources.bundle",
			);
			runOnlyForDeploymentPostprocessing = 0;
			shellPath = /bin/sh;
			shellScript = "\"${SRCROOT}/Pods/Target Support Files/Pods-BCApp/Pods-BCApp-resources.sh\"\n";
			showEnvVarsInLog = 0;
		};
		664F0F5F5CED00A8016FA872 /* [CP] Check Pods Manifest.lock */ = {
			isa = PBXShellScriptBuildPhase;
			buildActionMask = 2147483647;
			files = (
			);
			inputPaths = (
				"${PODS_PODFILE_DIR_PATH}/Podfile.lock",
				"${PODS_ROOT}/Manifest.lock",
			);
			name = "[CP] Check Pods Manifest.lock";
			outputPaths = (
				"$(DERIVED_FILE_DIR)/Pods-BCAppTests-checkManifestLockResult.txt",
			);
			runOnlyForDeploymentPostprocessing = 0;
			shellPath = /bin/sh;
			shellScript = "diff \"${PODS_PODFILE_DIR_PATH}/Podfile.lock\" \"${PODS_ROOT}/Manifest.lock\" > /dev/null\nif [ $? != 0 ] ; then\n    # print error to STDERR\n    echo \"error: The sandbox is not in sync with the Podfile.lock. Run 'pod install' or update your CocoaPods installation.\" >&2\n    exit 1\nfi\n# This output is used by Xcode 'outputs' to avoid re-running this script phase.\necho \"SUCCESS\" > \"${SCRIPT_OUTPUT_FILE_0}\"\n";
			showEnvVarsInLog = 0;
		};
		6DB3B488055ACCAA040F7292 /* [CP] Embed Pods Frameworks */ = {
			isa = PBXShellScriptBuildPhase;
			buildActionMask = 2147483647;
			files = (
			);
			inputPaths = (
				"${SRCROOT}/Pods/Target Support Files/Pods-BCApp/Pods-BCApp-frameworks.sh",
				"${BUILT_PRODUCTS_DIR}/Bolts-Swift/BoltsSwift.framework",
				"${BUILT_PRODUCTS_DIR}/Bolts/Bolts.framework",
				"${BUILT_PRODUCTS_DIR}/JSQMessagesViewController/JSQMessagesViewController.framework",
				"${BUILT_PRODUCTS_DIR}/JSQSystemSoundPlayer/JSQSystemSoundPlayer.framework",
				"${BUILT_PRODUCTS_DIR}/Parse.default-UI/Parse.framework",
				"${BUILT_PRODUCTS_DIR}/ParseLiveQuery/ParseLiveQuery.framework",
				"${BUILT_PRODUCTS_DIR}/Starscream/Starscream.framework",
				"${PODS_ROOT}/TwitterCore/iOS/TwitterCore.framework",
				"${PODS_ROOT}/TwitterKit/iOS/TwitterKit.framework",
			);
			name = "[CP] Embed Pods Frameworks";
			outputPaths = (
				"${TARGET_BUILD_DIR}/${FRAMEWORKS_FOLDER_PATH}/BoltsSwift.framework",
				"${TARGET_BUILD_DIR}/${FRAMEWORKS_FOLDER_PATH}/Bolts.framework",
				"${TARGET_BUILD_DIR}/${FRAMEWORKS_FOLDER_PATH}/JSQMessagesViewController.framework",
				"${TARGET_BUILD_DIR}/${FRAMEWORKS_FOLDER_PATH}/JSQSystemSoundPlayer.framework",
				"${TARGET_BUILD_DIR}/${FRAMEWORKS_FOLDER_PATH}/Parse.framework",
				"${TARGET_BUILD_DIR}/${FRAMEWORKS_FOLDER_PATH}/ParseLiveQuery.framework",
				"${TARGET_BUILD_DIR}/${FRAMEWORKS_FOLDER_PATH}/Starscream.framework",
				"${TARGET_BUILD_DIR}/${FRAMEWORKS_FOLDER_PATH}/TwitterCore.framework",
				"${TARGET_BUILD_DIR}/${FRAMEWORKS_FOLDER_PATH}/TwitterKit.framework",
			);
			runOnlyForDeploymentPostprocessing = 0;
			shellPath = /bin/sh;
			shellScript = "\"${SRCROOT}/Pods/Target Support Files/Pods-BCApp/Pods-BCApp-frameworks.sh\"\n";
			showEnvVarsInLog = 0;
		};
		A9C12058136A32AC39140FAC /* [CP] Embed Pods Frameworks */ = {
			isa = PBXShellScriptBuildPhase;
			buildActionMask = 2147483647;
			files = (
			);
			inputPaths = (
				"${SRCROOT}/Pods/Target Support Files/Pods-BCAppUITests/Pods-BCAppUITests-frameworks.sh",
				"${BUILT_PRODUCTS_DIR}/Bolts/Bolts.framework",
				"${BUILT_PRODUCTS_DIR}/Parse/Parse.framework",
			);
			name = "[CP] Embed Pods Frameworks";
			outputPaths = (
				"${TARGET_BUILD_DIR}/${FRAMEWORKS_FOLDER_PATH}/Bolts.framework",
				"${TARGET_BUILD_DIR}/${FRAMEWORKS_FOLDER_PATH}/Parse.framework",
			);
			runOnlyForDeploymentPostprocessing = 0;
			shellPath = /bin/sh;
			shellScript = "\"${SRCROOT}/Pods/Target Support Files/Pods-BCAppUITests/Pods-BCAppUITests-frameworks.sh\"\n";
			showEnvVarsInLog = 0;
		};
		DF0E2FAC6421434FED6927DA /* [CP] Check Pods Manifest.lock */ = {
			isa = PBXShellScriptBuildPhase;
			buildActionMask = 2147483647;
			files = (
			);
			inputPaths = (
				"${PODS_PODFILE_DIR_PATH}/Podfile.lock",
				"${PODS_ROOT}/Manifest.lock",
			);
			name = "[CP] Check Pods Manifest.lock";
			outputPaths = (
				"$(DERIVED_FILE_DIR)/Pods-BCApp-checkManifestLockResult.txt",
			);
			runOnlyForDeploymentPostprocessing = 0;
			shellPath = /bin/sh;
			shellScript = "diff \"${PODS_PODFILE_DIR_PATH}/Podfile.lock\" \"${PODS_ROOT}/Manifest.lock\" > /dev/null\nif [ $? != 0 ] ; then\n    # print error to STDERR\n    echo \"error: The sandbox is not in sync with the Podfile.lock. Run 'pod install' or update your CocoaPods installation.\" >&2\n    exit 1\nfi\n# This output is used by Xcode 'outputs' to avoid re-running this script phase.\necho \"SUCCESS\" > \"${SCRIPT_OUTPUT_FILE_0}\"\n";
			showEnvVarsInLog = 0;
		};
/* End PBXShellScriptBuildPhase section */

/* Begin PBXSourcesBuildPhase section */
		8DFCD260208B992100FE0019 /* Sources */ = {
			isa = PBXSourcesBuildPhase;
			buildActionMask = 2147483647;
			files = (
				8DFCD29E208B9E1000FE0019 /* AuthController.m in Sources */,
				8DB89F18208C99940019A6D8 /* ChatsController.m in Sources */,
				8DFCD26C208B992100FE0019 /* ViewController.m in Sources */,
				8DB89F0B208C72530019A6D8 /* MessagesController.m in Sources */,
				8DB89EE9208C33570019A6D8 /* MapController.m in Sources */,
				8DFCD272208B992100FE0019 /* BCApp.xcdatamodeld in Sources */,
				8DFCD27A208B992300FE0019 /* main.m in Sources */,
				8DB89EF1208C5E3C0019A6D8 /* OrganizationsController.m in Sources */,
				8DB89EE2208C0FCD0019A6D8 /* NewsController.m in Sources */,
				8DB89F12208C8B650019A6D8 /* OrgProfileController.m in Sources */,
				8DB89EF6208C60560019A6D8 /* LoadCell.m in Sources */,
				8DB89EFB208C61000019A6D8 /* AccountCell.m in Sources */,
				8DB89F0E208C75660019A6D8 /* MessageModelData.m in Sources */,
				8DFCD269208B992100FE0019 /* AppDelegate.m in Sources */,
				8D804AE5208BB8E900126DDE /* SignUpController.m in Sources */,
				8DB89F1B208CA6A90019A6D8 /* AddUsersController.m in Sources */,
				8D804AE8208BBE8500126DDE /* VerificationController.m in Sources */,
				8DB89EDF208BE2580019A6D8 /* LandingController.m in Sources */,
				8DB89F1E208CC61B0019A6D8 /* ParentAddUsersController.m in Sources */,
				8DB89EEE208C59ED0019A6D8 /* ProfileController.m in Sources */,
			);
			runOnlyForDeploymentPostprocessing = 0;
		};
		8DFCD27B208B992300FE0019 /* Sources */ = {
			isa = PBXSourcesBuildPhase;
			buildActionMask = 2147483647;
			files = (
				8DFCD284208B992300FE0019 /* BCAppTests.m in Sources */,
			);
			runOnlyForDeploymentPostprocessing = 0;
		};
		8DFCD286208B992300FE0019 /* Sources */ = {
			isa = PBXSourcesBuildPhase;
			buildActionMask = 2147483647;
			files = (
				8DFCD28F208B992300FE0019 /* BCAppUITests.m in Sources */,
			);
			runOnlyForDeploymentPostprocessing = 0;
		};
/* End PBXSourcesBuildPhase section */

/* Begin PBXTargetDependency section */
		8DFCD281208B992300FE0019 /* PBXTargetDependency */ = {
			isa = PBXTargetDependency;
			target = 8DFCD263208B992100FE0019 /* BCApp */;
			targetProxy = 8DFCD280208B992300FE0019 /* PBXContainerItemProxy */;
		};
		8DFCD28C208B992300FE0019 /* PBXTargetDependency */ = {
			isa = PBXTargetDependency;
			target = 8DFCD263208B992100FE0019 /* BCApp */;
			targetProxy = 8DFCD28B208B992300FE0019 /* PBXContainerItemProxy */;
		};
/* End PBXTargetDependency section */

/* Begin PBXVariantGroup section */
		8DFCD26D208B992100FE0019 /* Main.storyboard */ = {
			isa = PBXVariantGroup;
			children = (
				8DFCD26E208B992100FE0019 /* Base */,
			);
			name = Main.storyboard;
			sourceTree = "<group>";
		};
		8DFCD275208B992300FE0019 /* LaunchScreen.storyboard */ = {
			isa = PBXVariantGroup;
			children = (
				8DFCD276208B992300FE0019 /* Base */,
			);
			name = LaunchScreen.storyboard;
			sourceTree = "<group>";
		};
/* End PBXVariantGroup section */

/* Begin XCBuildConfiguration section */
		8DFCD291208B992300FE0019 /* Debug */ = {
			isa = XCBuildConfiguration;
			baseConfigurationReference = BEEF8A1EE3B0C75FB04A96B6 /* Pods-BCApp.debug.xcconfig */;
			buildSettings = {
				ALWAYS_SEARCH_USER_PATHS = NO;
				CLANG_ANALYZER_NONNULL = YES;
				CLANG_ANALYZER_NUMBER_OBJECT_CONVERSION = YES_AGGRESSIVE;
				CLANG_CXX_LANGUAGE_STANDARD = "gnu++14";
				CLANG_CXX_LIBRARY = "libc++";
				CLANG_ENABLE_MODULES = YES;
				CLANG_ENABLE_OBJC_ARC = YES;
				CLANG_ENABLE_OBJC_WEAK = YES;
				CLANG_WARN_BLOCK_CAPTURE_AUTORELEASING = YES;
				CLANG_WARN_BOOL_CONVERSION = YES;
				CLANG_WARN_COMMA = YES;
				CLANG_WARN_CONSTANT_CONVERSION = YES;
				CLANG_WARN_DEPRECATED_OBJC_IMPLEMENTATIONS = YES;
				CLANG_WARN_DIRECT_OBJC_ISA_USAGE = YES_ERROR;
				CLANG_WARN_DOCUMENTATION_COMMENTS = YES;
				CLANG_WARN_EMPTY_BODY = YES;
				CLANG_WARN_ENUM_CONVERSION = YES;
				CLANG_WARN_INFINITE_RECURSION = YES;
				CLANG_WARN_INT_CONVERSION = YES;
				CLANG_WARN_NON_LITERAL_NULL_CONVERSION = YES;
				CLANG_WARN_OBJC_IMPLICIT_RETAIN_SELF = YES;
				CLANG_WARN_OBJC_LITERAL_CONVERSION = YES;
				CLANG_WARN_OBJC_ROOT_CLASS = YES_ERROR;
				CLANG_WARN_RANGE_LOOP_ANALYSIS = YES;
				CLANG_WARN_STRICT_PROTOTYPES = YES;
				CLANG_WARN_SUSPICIOUS_MOVE = YES;
				CLANG_WARN_UNGUARDED_AVAILABILITY = YES_AGGRESSIVE;
				CLANG_WARN_UNREACHABLE_CODE = YES;
				CLANG_WARN__DUPLICATE_METHOD_MATCH = YES;
				CODE_SIGN_IDENTITY = "iPhone Developer";
				COPY_PHASE_STRIP = NO;
				DEBUG_INFORMATION_FORMAT = dwarf;
				ENABLE_STRICT_OBJC_MSGSEND = YES;
				ENABLE_TESTABILITY = YES;
				GCC_C_LANGUAGE_STANDARD = gnu11;
				GCC_DYNAMIC_NO_PIC = NO;
				GCC_NO_COMMON_BLOCKS = YES;
				GCC_OPTIMIZATION_LEVEL = 0;
				GCC_PREPROCESSOR_DEFINITIONS = (
					"DEBUG=1",
					"$(inherited)",
				);
				GCC_WARN_64_TO_32_BIT_CONVERSION = YES;
				GCC_WARN_ABOUT_RETURN_TYPE = YES_ERROR;
				GCC_WARN_UNDECLARED_SELECTOR = YES;
				GCC_WARN_UNINITIALIZED_AUTOS = YES_AGGRESSIVE;
				GCC_WARN_UNUSED_FUNCTION = YES;
				GCC_WARN_UNUSED_VARIABLE = YES;
				IPHONEOS_DEPLOYMENT_TARGET = 11.3;
				MTL_ENABLE_DEBUG_INFO = YES;
				ONLY_ACTIVE_ARCH = YES;
				SDKROOT = iphoneos;
			};
			name = Debug;
		};
		8DFCD292208B992300FE0019 /* Release */ = {
			isa = XCBuildConfiguration;
			baseConfigurationReference = 485430218D7BF4FAEB0D0DE7 /* Pods-BCApp.release.xcconfig */;
			buildSettings = {
				ALWAYS_SEARCH_USER_PATHS = NO;
				CLANG_ANALYZER_NONNULL = YES;
				CLANG_ANALYZER_NUMBER_OBJECT_CONVERSION = YES_AGGRESSIVE;
				CLANG_CXX_LANGUAGE_STANDARD = "gnu++14";
				CLANG_CXX_LIBRARY = "libc++";
				CLANG_ENABLE_MODULES = YES;
				CLANG_ENABLE_OBJC_ARC = YES;
				CLANG_ENABLE_OBJC_WEAK = YES;
				CLANG_WARN_BLOCK_CAPTURE_AUTORELEASING = YES;
				CLANG_WARN_BOOL_CONVERSION = YES;
				CLANG_WARN_COMMA = YES;
				CLANG_WARN_CONSTANT_CONVERSION = YES;
				CLANG_WARN_DEPRECATED_OBJC_IMPLEMENTATIONS = YES;
				CLANG_WARN_DIRECT_OBJC_ISA_USAGE = YES_ERROR;
				CLANG_WARN_DOCUMENTATION_COMMENTS = YES;
				CLANG_WARN_EMPTY_BODY = YES;
				CLANG_WARN_ENUM_CONVERSION = YES;
				CLANG_WARN_INFINITE_RECURSION = YES;
				CLANG_WARN_INT_CONVERSION = YES;
				CLANG_WARN_NON_LITERAL_NULL_CONVERSION = YES;
				CLANG_WARN_OBJC_IMPLICIT_RETAIN_SELF = YES;
				CLANG_WARN_OBJC_LITERAL_CONVERSION = YES;
				CLANG_WARN_OBJC_ROOT_CLASS = YES_ERROR;
				CLANG_WARN_RANGE_LOOP_ANALYSIS = YES;
				CLANG_WARN_STRICT_PROTOTYPES = YES;
				CLANG_WARN_SUSPICIOUS_MOVE = YES;
				CLANG_WARN_UNGUARDED_AVAILABILITY = YES_AGGRESSIVE;
				CLANG_WARN_UNREACHABLE_CODE = YES;
				CLANG_WARN__DUPLICATE_METHOD_MATCH = YES;
				CODE_SIGN_IDENTITY = "iPhone Developer";
				COPY_PHASE_STRIP = NO;
				DEBUG_INFORMATION_FORMAT = "dwarf-with-dsym";
				ENABLE_NS_ASSERTIONS = NO;
				ENABLE_STRICT_OBJC_MSGSEND = YES;
				GCC_C_LANGUAGE_STANDARD = gnu11;
				GCC_NO_COMMON_BLOCKS = YES;
				GCC_WARN_64_TO_32_BIT_CONVERSION = YES;
				GCC_WARN_ABOUT_RETURN_TYPE = YES_ERROR;
				GCC_WARN_UNDECLARED_SELECTOR = YES;
				GCC_WARN_UNINITIALIZED_AUTOS = YES_AGGRESSIVE;
				GCC_WARN_UNUSED_FUNCTION = YES;
				GCC_WARN_UNUSED_VARIABLE = YES;
				IPHONEOS_DEPLOYMENT_TARGET = 11.3;
				MTL_ENABLE_DEBUG_INFO = NO;
				SDKROOT = iphoneos;
				VALIDATE_PRODUCT = YES;
			};
			name = Release;
		};
		8DFCD294208B992300FE0019 /* Debug */ = {
			isa = XCBuildConfiguration;
			baseConfigurationReference = BEEF8A1EE3B0C75FB04A96B6 /* Pods-BCApp.debug.xcconfig */;
			buildSettings = {
				ALWAYS_EMBED_SWIFT_STANDARD_LIBRARIES = YES;
				ASSETCATALOG_COMPILER_APPICON_NAME = AppIcon;
				CODE_SIGN_ENTITLEMENTS = BCApp/BCApp.entitlements;
				CODE_SIGN_STYLE = Automatic;
				DEVELOPMENT_TEAM = KC3PTTS8KN;
				INFOPLIST_FILE = BCApp/Info.plist;
				IPHONEOS_DEPLOYMENT_TARGET = 11.2;
				LD_RUNPATH_SEARCH_PATHS = (
					"$(inherited)",
					"@executable_path/Frameworks",
				);
				PRODUCT_BUNDLE_IDENTIFIER = com.thingtwo.BCApp;
				PRODUCT_NAME = "$(TARGET_NAME)";
				SWIFT_VERSION = 4;
				TARGETED_DEVICE_FAMILY = "1,2";
			};
			name = Debug;
		};
		8DFCD295208B992300FE0019 /* Release */ = {
			isa = XCBuildConfiguration;
			baseConfigurationReference = 485430218D7BF4FAEB0D0DE7 /* Pods-BCApp.release.xcconfig */;
			buildSettings = {
				ALWAYS_EMBED_SWIFT_STANDARD_LIBRARIES = YES;
				ASSETCATALOG_COMPILER_APPICON_NAME = AppIcon;
				CODE_SIGN_ENTITLEMENTS = BCApp/BCApp.entitlements;
				CODE_SIGN_STYLE = Automatic;
				DEVELOPMENT_TEAM = KC3PTTS8KN;
				INFOPLIST_FILE = BCApp/Info.plist;
				IPHONEOS_DEPLOYMENT_TARGET = 11.2;
				LD_RUNPATH_SEARCH_PATHS = (
					"$(inherited)",
					"@executable_path/Frameworks",
				);
				PRODUCT_BUNDLE_IDENTIFIER = com.thingtwo.BCApp;
				PRODUCT_NAME = "$(TARGET_NAME)";
				SWIFT_VERSION = 4;
				TARGETED_DEVICE_FAMILY = "1,2";
			};
			name = Release;
		};
		8DFCD297208B992300FE0019 /* Debug */ = {
			isa = XCBuildConfiguration;
			baseConfigurationReference = 3098B259C62FB326D89B703F /* Pods-BCAppTests.debug.xcconfig */;
			buildSettings = {
				BUNDLE_LOADER = "$(TEST_HOST)";
				CODE_SIGN_STYLE = Automatic;
				DEVELOPMENT_TEAM = 6JRJ9AVXW3;
				INFOPLIST_FILE = BCAppTests/Info.plist;
				LD_RUNPATH_SEARCH_PATHS = (
					"$(inherited)",
					"@executable_path/Frameworks",
					"@loader_path/Frameworks",
				);
				PRODUCT_BUNDLE_IDENTIFIER = com.doubletroublestudio.BCAppTests;
				PRODUCT_NAME = "$(TARGET_NAME)";
				SWIFT_VERSION = 4;
				TARGETED_DEVICE_FAMILY = "1,2";
				TEST_HOST = "$(BUILT_PRODUCTS_DIR)/BCApp.app/BCApp";
			};
			name = Debug;
		};
		8DFCD298208B992300FE0019 /* Release */ = {
			isa = XCBuildConfiguration;
			baseConfigurationReference = 9AA705D37C653CE5BB8718E7 /* Pods-BCAppTests.release.xcconfig */;
			buildSettings = {
				BUNDLE_LOADER = "$(TEST_HOST)";
				CODE_SIGN_STYLE = Automatic;
				DEVELOPMENT_TEAM = 6JRJ9AVXW3;
				INFOPLIST_FILE = BCAppTests/Info.plist;
				LD_RUNPATH_SEARCH_PATHS = (
					"$(inherited)",
					"@executable_path/Frameworks",
					"@loader_path/Frameworks",
				);
				PRODUCT_BUNDLE_IDENTIFIER = com.doubletroublestudio.BCAppTests;
				PRODUCT_NAME = "$(TARGET_NAME)";
				SWIFT_VERSION = 4;
				TARGETED_DEVICE_FAMILY = "1,2";
				TEST_HOST = "$(BUILT_PRODUCTS_DIR)/BCApp.app/BCApp";
			};
			name = Release;
		};
		8DFCD29A208B992300FE0019 /* Debug */ = {
			isa = XCBuildConfiguration;
			baseConfigurationReference = 11A97B34FF3F149D54897E81 /* Pods-BCAppUITests.debug.xcconfig */;
			buildSettings = {
				CODE_SIGN_STYLE = Automatic;
				DEVELOPMENT_TEAM = 6JRJ9AVXW3;
				INFOPLIST_FILE = BCAppUITests/Info.plist;
				LD_RUNPATH_SEARCH_PATHS = (
					"$(inherited)",
					"@executable_path/Frameworks",
					"@loader_path/Frameworks",
				);
				PRODUCT_BUNDLE_IDENTIFIER = com.doubletroublestudio.BCAppUITests;
				PRODUCT_NAME = "$(TARGET_NAME)";
				SWIFT_VERSION = 4;
				TARGETED_DEVICE_FAMILY = "1,2";
				TEST_TARGET_NAME = BCApp;
			};
			name = Debug;
		};
		8DFCD29B208B992300FE0019 /* Release */ = {
			isa = XCBuildConfiguration;
			baseConfigurationReference = 279DFA92F3FDB7AB1F7F4FDA /* Pods-BCAppUITests.release.xcconfig */;
			buildSettings = {
				CODE_SIGN_STYLE = Automatic;
				DEVELOPMENT_TEAM = 6JRJ9AVXW3;
				INFOPLIST_FILE = BCAppUITests/Info.plist;
				LD_RUNPATH_SEARCH_PATHS = (
					"$(inherited)",
					"@executable_path/Frameworks",
					"@loader_path/Frameworks",
				);
				PRODUCT_BUNDLE_IDENTIFIER = com.doubletroublestudio.BCAppUITests;
				PRODUCT_NAME = "$(TARGET_NAME)";
				SWIFT_VERSION = 4;
				TARGETED_DEVICE_FAMILY = "1,2";
				TEST_TARGET_NAME = BCApp;
			};
			name = Release;
		};
/* End XCBuildConfiguration section */

/* Begin XCConfigurationList section */
		8DFCD25F208B992100FE0019 /* Build configuration list for PBXProject "BCApp" */ = {
			isa = XCConfigurationList;
			buildConfigurations = (
				8DFCD291208B992300FE0019 /* Debug */,
				8DFCD292208B992300FE0019 /* Release */,
			);
			defaultConfigurationIsVisible = 0;
			defaultConfigurationName = Release;
		};
		8DFCD293208B992300FE0019 /* Build configuration list for PBXNativeTarget "BCApp" */ = {
			isa = XCConfigurationList;
			buildConfigurations = (
				8DFCD294208B992300FE0019 /* Debug */,
				8DFCD295208B992300FE0019 /* Release */,
			);
			defaultConfigurationIsVisible = 0;
			defaultConfigurationName = Release;
		};
		8DFCD296208B992300FE0019 /* Build configuration list for PBXNativeTarget "BCAppTests" */ = {
			isa = XCConfigurationList;
			buildConfigurations = (
				8DFCD297208B992300FE0019 /* Debug */,
				8DFCD298208B992300FE0019 /* Release */,
			);
			defaultConfigurationIsVisible = 0;
			defaultConfigurationName = Release;
		};
		8DFCD299208B992300FE0019 /* Build configuration list for PBXNativeTarget "BCAppUITests" */ = {
			isa = XCConfigurationList;
			buildConfigurations = (
				8DFCD29A208B992300FE0019 /* Debug */,
				8DFCD29B208B992300FE0019 /* Release */,
			);
			defaultConfigurationIsVisible = 0;
			defaultConfigurationName = Release;
		};
/* End XCConfigurationList section */

/* Begin XCVersionGroup section */
		8DFCD270208B992100FE0019 /* BCApp.xcdatamodeld */ = {
			isa = XCVersionGroup;
			children = (
				8DFCD271208B992100FE0019 /* BCApp.xcdatamodel */,
			);
			currentVersion = 8DFCD271208B992100FE0019 /* BCApp.xcdatamodel */;
			path = BCApp.xcdatamodeld;
			sourceTree = "<group>";
			versionGroupType = wrapper.xcdatamodel;
		};
/* End XCVersionGroup section */
	};
	rootObject = 8DFCD25C208B992100FE0019 /* Project object */;
}
