// !$*UTF8*$!
{
	archiveVersion = 1;
	classes = {
	};
	objectVersion = 50;
	objects = {

/* Begin PBXBuildFile section */
		072105993998ABE1169B8573 /* libPods-BCApp.a in Frameworks */ = {isa = PBXBuildFile; fileRef = 7AEE367F1CBB14F6EB8B2011 /* libPods-BCApp.a */; };
		18651F3FE582AFEE4486C788 /* libPods-BCAppUITests.a in Frameworks */ = {isa = PBXBuildFile; fileRef = 891271CCF752139C584F18D4 /* libPods-BCAppUITests.a */; };
		8DFCD269208B992100FE0019 /* AppDelegate.m in Sources */ = {isa = PBXBuildFile; fileRef = 8DFCD268208B992100FE0019 /* AppDelegate.m */; };
		8DFCD26C208B992100FE0019 /* ViewController.m in Sources */ = {isa = PBXBuildFile; fileRef = 8DFCD26B208B992100FE0019 /* ViewController.m */; };
		8DFCD26F208B992100FE0019 /* Main.storyboard in Resources */ = {isa = PBXBuildFile; fileRef = 8DFCD26D208B992100FE0019 /* Main.storyboard */; };
		8DFCD272208B992100FE0019 /* BCApp.xcdatamodeld in Sources */ = {isa = PBXBuildFile; fileRef = 8DFCD270208B992100FE0019 /* BCApp.xcdatamodeld */; };
		8DFCD274208B992300FE0019 /* Assets.xcassets in Resources */ = {isa = PBXBuildFile; fileRef = 8DFCD273208B992300FE0019 /* Assets.xcassets */; };
		8DFCD277208B992300FE0019 /* LaunchScreen.storyboard in Resources */ = {isa = PBXBuildFile; fileRef = 8DFCD275208B992300FE0019 /* LaunchScreen.storyboard */; };
		8DFCD27A208B992300FE0019 /* main.m in Sources */ = {isa = PBXBuildFile; fileRef = 8DFCD279208B992300FE0019 /* main.m */; };
		8DFCD284208B992300FE0019 /* BCAppTests.m in Sources */ = {isa = PBXBuildFile; fileRef = 8DFCD283208B992300FE0019 /* BCAppTests.m */; };
		8DFCD28F208B992300FE0019 /* BCAppUITests.m in Sources */ = {isa = PBXBuildFile; fileRef = 8DFCD28E208B992300FE0019 /* BCAppUITests.m */; };
		8DFCD29E208B9E1000FE0019 /* AuthController.m in Sources */ = {isa = PBXBuildFile; fileRef = 8DFCD29C208B9E1000FE0019 /* AuthController.m */; };
		AF41BD2845FD6078D7EE430E /* libPods-BCAppTests.a in Frameworks */ = {isa = PBXBuildFile; fileRef = 755906EAC64D5E13C1123790 /* libPods-BCAppTests.a */; };
/* End PBXBuildFile section */

/* Begin PBXContainerItemProxy section */
		8DFCD280208B992300FE0019 /* PBXContainerItemProxy */ = {
			isa = PBXContainerItemProxy;
			containerPortal = 8DFCD25C208B992100FE0019 /* Project object */;
			proxyType = 1;
			remoteGlobalIDString = 8DFCD263208B992100FE0019;
			remoteInfo = BCApp;
		};
		8DFCD28B208B992300FE0019 /* PBXContainerItemProxy */ = {
			isa = PBXContainerItemProxy;
			containerPortal = 8DFCD25C208B992100FE0019 /* Project object */;
			proxyType = 1;
			remoteGlobalIDString = 8DFCD263208B992100FE0019;
			remoteInfo = BCApp;
		};
/* End PBXContainerItemProxy section */

/* Begin PBXFileReference section */
		0367B36680721D14EDC55433 /* Pods-BCAppTests.debug.xcconfig */ = {isa = PBXFileReference; includeInIndex = 1; lastKnownFileType = text.xcconfig; name = "Pods-BCAppTests.debug.xcconfig"; path = "Pods/Target Support Files/Pods-BCAppTests/Pods-BCAppTests.debug.xcconfig"; sourceTree = "<group>"; };
		616B132B0040FEF8AC8C9D8F /* Pods-BCAppUITests.debug.xcconfig */ = {isa = PBXFileReference; includeInIndex = 1; lastKnownFileType = text.xcconfig; name = "Pods-BCAppUITests.debug.xcconfig"; path = "Pods/Target Support Files/Pods-BCAppUITests/Pods-BCAppUITests.debug.xcconfig"; sourceTree = "<group>"; };
		6CF17CE2AF7B6FFD097DD7A6 /* Pods-BCApp.release.xcconfig */ = {isa = PBXFileReference; includeInIndex = 1; lastKnownFileType = text.xcconfig; name = "Pods-BCApp.release.xcconfig"; path = "Pods/Target Support Files/Pods-BCApp/Pods-BCApp.release.xcconfig"; sourceTree = "<group>"; };
		755906EAC64D5E13C1123790 /* libPods-BCAppTests.a */ = {isa = PBXFileReference; explicitFileType = archive.ar; includeInIndex = 0; path = "libPods-BCAppTests.a"; sourceTree = BUILT_PRODUCTS_DIR; };
		7AEE367F1CBB14F6EB8B2011 /* libPods-BCApp.a */ = {isa = PBXFileReference; explicitFileType = archive.ar; includeInIndex = 0; path = "libPods-BCApp.a"; sourceTree = BUILT_PRODUCTS_DIR; };
		874A1CF27AD96A9561492C47 /* Pods-BCApp.debug.xcconfig */ = {isa = PBXFileReference; includeInIndex = 1; lastKnownFileType = text.xcconfig; name = "Pods-BCApp.debug.xcconfig"; path = "Pods/Target Support Files/Pods-BCApp/Pods-BCApp.debug.xcconfig"; sourceTree = "<group>"; };
		891271CCF752139C584F18D4 /* libPods-BCAppUITests.a */ = {isa = PBXFileReference; explicitFileType = archive.ar; includeInIndex = 0; path = "libPods-BCAppUITests.a"; sourceTree = BUILT_PRODUCTS_DIR; };
		8DFCD264208B992100FE0019 /* BCApp.app */ = {isa = PBXFileReference; explicitFileType = wrapper.application; includeInIndex = 0; path = BCApp.app; sourceTree = BUILT_PRODUCTS_DIR; };
		8DFCD267208B992100FE0019 /* AppDelegate.h */ = {isa = PBXFileReference; lastKnownFileType = sourcecode.c.h; path = AppDelegate.h; sourceTree = "<group>"; };
		8DFCD268208B992100FE0019 /* AppDelegate.m */ = {isa = PBXFileReference; lastKnownFileType = sourcecode.c.objc; path = AppDelegate.m; sourceTree = "<group>"; };
		8DFCD26A208B992100FE0019 /* ViewController.h */ = {isa = PBXFileReference; lastKnownFileType = sourcecode.c.h; path = ViewController.h; sourceTree = "<group>"; };
		8DFCD26B208B992100FE0019 /* ViewController.m */ = {isa = PBXFileReference; lastKnownFileType = sourcecode.c.objc; path = ViewController.m; sourceTree = "<group>"; };
		8DFCD26E208B992100FE0019 /* Base */ = {isa = PBXFileReference; lastKnownFileType = file.storyboard; name = Base; path = Base.lproj/Main.storyboard; sourceTree = "<group>"; };
		8DFCD271208B992100FE0019 /* BCApp.xcdatamodel */ = {isa = PBXFileReference; lastKnownFileType = wrapper.xcdatamodel; path = BCApp.xcdatamodel; sourceTree = "<group>"; };
		8DFCD273208B992300FE0019 /* Assets.xcassets */ = {isa = PBXFileReference; lastKnownFileType = folder.assetcatalog; path = Assets.xcassets; sourceTree = "<group>"; };
		8DFCD276208B992300FE0019 /* Base */ = {isa = PBXFileReference; lastKnownFileType = file.storyboard; name = Base; path = Base.lproj/LaunchScreen.storyboard; sourceTree = "<group>"; };
		8DFCD278208B992300FE0019 /* Info.plist */ = {isa = PBXFileReference; lastKnownFileType = text.plist.xml; path = Info.plist; sourceTree = "<group>"; };
		8DFCD279208B992300FE0019 /* main.m */ = {isa = PBXFileReference; lastKnownFileType = sourcecode.c.objc; path = main.m; sourceTree = "<group>"; };
		8DFCD27F208B992300FE0019 /* BCAppTests.xctest */ = {isa = PBXFileReference; explicitFileType = wrapper.cfbundle; includeInIndex = 0; path = BCAppTests.xctest; sourceTree = BUILT_PRODUCTS_DIR; };
		8DFCD283208B992300FE0019 /* BCAppTests.m */ = {isa = PBXFileReference; lastKnownFileType = sourcecode.c.objc; path = BCAppTests.m; sourceTree = "<group>"; };
		8DFCD285208B992300FE0019 /* Info.plist */ = {isa = PBXFileReference; lastKnownFileType = text.plist.xml; path = Info.plist; sourceTree = "<group>"; };
		8DFCD28A208B992300FE0019 /* BCAppUITests.xctest */ = {isa = PBXFileReference; explicitFileType = wrapper.cfbundle; includeInIndex = 0; path = BCAppUITests.xctest; sourceTree = BUILT_PRODUCTS_DIR; };
		8DFCD28E208B992300FE0019 /* BCAppUITests.m */ = {isa = PBXFileReference; lastKnownFileType = sourcecode.c.objc; path = BCAppUITests.m; sourceTree = "<group>"; };
		8DFCD290208B992300FE0019 /* Info.plist */ = {isa = PBXFileReference; lastKnownFileType = text.plist.xml; path = Info.plist; sourceTree = "<group>"; };
		8DFCD29C208B9E1000FE0019 /* AuthController.m */ = {isa = PBXFileReference; fileEncoding = 4; lastKnownFileType = sourcecode.c.objc; path = AuthController.m; sourceTree = "<group>"; };
		8DFCD29D208B9E1000FE0019 /* AuthController.h */ = {isa = PBXFileReference; fileEncoding = 4; lastKnownFileType = sourcecode.c.h; path = AuthController.h; sourceTree = "<group>"; };
		925EB86215582FDC50226A94 /* Pods-BCAppTests.release.xcconfig */ = {isa = PBXFileReference; includeInIndex = 1; lastKnownFileType = text.xcconfig; name = "Pods-BCAppTests.release.xcconfig"; path = "Pods/Target Support Files/Pods-BCAppTests/Pods-BCAppTests.release.xcconfig"; sourceTree = "<group>"; };
		9C3C2E03950634163C5FAA19 /* Pods-BCAppUITests.release.xcconfig */ = {isa = PBXFileReference; includeInIndex = 1; lastKnownFileType = text.xcconfig; name = "Pods-BCAppUITests.release.xcconfig"; path = "Pods/Target Support Files/Pods-BCAppUITests/Pods-BCAppUITests.release.xcconfig"; sourceTree = "<group>"; };
/* End PBXFileReference section */

/* Begin PBXFrameworksBuildPhase section */
		8DFCD261208B992100FE0019 /* Frameworks */ = {
			isa = PBXFrameworksBuildPhase;
			buildActionMask = 2147483647;
			files = (
				072105993998ABE1169B8573 /* libPods-BCApp.a in Frameworks */,
			);
			runOnlyForDeploymentPostprocessing = 0;
		};
		8DFCD27C208B992300FE0019 /* Frameworks */ = {
			isa = PBXFrameworksBuildPhase;
			buildActionMask = 2147483647;
			files = (
				AF41BD2845FD6078D7EE430E /* libPods-BCAppTests.a in Frameworks */,
			);
			runOnlyForDeploymentPostprocessing = 0;
		};
		8DFCD287208B992300FE0019 /* Frameworks */ = {
			isa = PBXFrameworksBuildPhase;
			buildActionMask = 2147483647;
			files = (
				18651F3FE582AFEE4486C788 /* libPods-BCAppUITests.a in Frameworks */,
			);
			runOnlyForDeploymentPostprocessing = 0;
		};
/* End PBXFrameworksBuildPhase section */

/* Begin PBXGroup section */
		00C2DE18DD4ABBF1A887EBE0 /* Pods */ = {
			isa = PBXGroup;
			children = (
				874A1CF27AD96A9561492C47 /* Pods-BCApp.debug.xcconfig */,
				6CF17CE2AF7B6FFD097DD7A6 /* Pods-BCApp.release.xcconfig */,
				0367B36680721D14EDC55433 /* Pods-BCAppTests.debug.xcconfig */,
				925EB86215582FDC50226A94 /* Pods-BCAppTests.release.xcconfig */,
				616B132B0040FEF8AC8C9D8F /* Pods-BCAppUITests.debug.xcconfig */,
				9C3C2E03950634163C5FAA19 /* Pods-BCAppUITests.release.xcconfig */,
			);
			name = Pods;
			sourceTree = "<group>";
		};
		8DFCD25B208B992100FE0019 = {
			isa = PBXGroup;
			children = (
				8DFCD266208B992100FE0019 /* BCApp */,
				8DFCD282208B992300FE0019 /* BCAppTests */,
				8DFCD28D208B992300FE0019 /* BCAppUITests */,
				8DFCD265208B992100FE0019 /* Products */,
				00C2DE18DD4ABBF1A887EBE0 /* Pods */,
				A337B2E99866A5B8B803392A /* Frameworks */,
			);
			sourceTree = "<group>";
		};
		8DFCD265208B992100FE0019 /* Products */ = {
			isa = PBXGroup;
			children = (
				8DFCD264208B992100FE0019 /* BCApp.app */,
				8DFCD27F208B992300FE0019 /* BCAppTests.xctest */,
				8DFCD28A208B992300FE0019 /* BCAppUITests.xctest */,
			);
			name = Products;
			sourceTree = "<group>";
		};
		8DFCD266208B992100FE0019 /* BCApp */ = {
			isa = PBXGroup;
			children = (
				8DFCD267208B992100FE0019 /* AppDelegate.h */,
				8DFCD268208B992100FE0019 /* AppDelegate.m */,
				8DFCD26A208B992100FE0019 /* ViewController.h */,
				8DFCD26B208B992100FE0019 /* ViewController.m */,
				8DFCD29D208B9E1000FE0019 /* AuthController.h */,
				8DFCD29C208B9E1000FE0019 /* AuthController.m */,
				8DFCD26D208B992100FE0019 /* Main.storyboard */,
				8DFCD273208B992300FE0019 /* Assets.xcassets */,
				8DFCD275208B992300FE0019 /* LaunchScreen.storyboard */,
				8DFCD278208B992300FE0019 /* Info.plist */,
				8DFCD279208B992300FE0019 /* main.m */,
				8DFCD270208B992100FE0019 /* BCApp.xcdatamodeld */,
			);
			path = BCApp;
			sourceTree = "<group>";
		};
		8DFCD282208B992300FE0019 /* BCAppTests */ = {
			isa = PBXGroup;
			children = (
				8DFCD283208B992300FE0019 /* BCAppTests.m */,
				8DFCD285208B992300FE0019 /* Info.plist */,
			);
			path = BCAppTests;
			sourceTree = "<group>";
		};
		8DFCD28D208B992300FE0019 /* BCAppUITests */ = {
			isa = PBXGroup;
			children = (
				8DFCD28E208B992300FE0019 /* BCAppUITests.m */,
				8DFCD290208B992300FE0019 /* Info.plist */,
			);
			path = BCAppUITests;
			sourceTree = "<group>";
		};
		A337B2E99866A5B8B803392A /* Frameworks */ = {
			isa = PBXGroup;
			children = (
				7AEE367F1CBB14F6EB8B2011 /* libPods-BCApp.a */,
				755906EAC64D5E13C1123790 /* libPods-BCAppTests.a */,
				891271CCF752139C584F18D4 /* libPods-BCAppUITests.a */,
			);
			name = Frameworks;
			sourceTree = "<group>";
		};
/* End PBXGroup section */

/* Begin PBXNativeTarget section */
		8DFCD263208B992100FE0019 /* BCApp */ = {
			isa = PBXNativeTarget;
			buildConfigurationList = 8DFCD293208B992300FE0019 /* Build configuration list for PBXNativeTarget "BCApp" */;
			buildPhases = (
				4DEBEAEB953D07B860B7C53A /* [CP] Check Pods Manifest.lock */,
				8DFCD260208B992100FE0019 /* Sources */,
				8DFCD261208B992100FE0019 /* Frameworks */,
				8DFCD262208B992100FE0019 /* Resources */,
			);
			buildRules = (
			);
			dependencies = (
			);
			name = BCApp;
			productName = BCApp;
			productReference = 8DFCD264208B992100FE0019 /* BCApp.app */;
			productType = "com.apple.product-type.application";
		};
		8DFCD27E208B992300FE0019 /* BCAppTests */ = {
			isa = PBXNativeTarget;
			buildConfigurationList = 8DFCD296208B992300FE0019 /* Build configuration list for PBXNativeTarget "BCAppTests" */;
			buildPhases = (
				0FBF9457A98BB576E7FDCFA1 /* [CP] Check Pods Manifest.lock */,
				8DFCD27B208B992300FE0019 /* Sources */,
				8DFCD27C208B992300FE0019 /* Frameworks */,
				8DFCD27D208B992300FE0019 /* Resources */,
				2259B086FC6EDFE08C21D9BA /* [CP] Copy Pods Resources */,
			);
			buildRules = (
			);
			dependencies = (
				8DFCD281208B992300FE0019 /* PBXTargetDependency */,
			);
			name = BCAppTests;
			productName = BCAppTests;
			productReference = 8DFCD27F208B992300FE0019 /* BCAppTests.xctest */;
			productType = "com.apple.product-type.bundle.unit-test";
		};
		8DFCD289208B992300FE0019 /* BCAppUITests */ = {
			isa = PBXNativeTarget;
			buildConfigurationList = 8DFCD299208B992300FE0019 /* Build configuration list for PBXNativeTarget "BCAppUITests" */;
			buildPhases = (
				9D8701922BF9DFFB422AB4EB /* [CP] Check Pods Manifest.lock */,
				8DFCD286208B992300FE0019 /* Sources */,
				8DFCD287208B992300FE0019 /* Frameworks */,
				8DFCD288208B992300FE0019 /* Resources */,
			);
			buildRules = (
			);
			dependencies = (
				8DFCD28C208B992300FE0019 /* PBXTargetDependency */,
			);
			name = BCAppUITests;
			productName = BCAppUITests;
			productReference = 8DFCD28A208B992300FE0019 /* BCAppUITests.xctest */;
			productType = "com.apple.product-type.bundle.ui-testing";
		};
/* End PBXNativeTarget section */

/* Begin PBXProject section */
		8DFCD25C208B992100FE0019 /* Project object */ = {
			isa = PBXProject;
			attributes = {
				LastUpgradeCheck = 0930;
				ORGANIZATIONNAME = "Double Trouble Studio";
				TargetAttributes = {
					8DFCD263208B992100FE0019 = {
						CreatedOnToolsVersion = 9.3;
					};
					8DFCD27E208B992300FE0019 = {
						CreatedOnToolsVersion = 9.3;
						TestTargetID = 8DFCD263208B992100FE0019;
					};
					8DFCD289208B992300FE0019 = {
						CreatedOnToolsVersion = 9.3;
						TestTargetID = 8DFCD263208B992100FE0019;
					};
				};
			};
			buildConfigurationList = 8DFCD25F208B992100FE0019 /* Build configuration list for PBXProject "BCApp" */;
			compatibilityVersion = "Xcode 9.3";
			developmentRegion = en;
			hasScannedForEncodings = 0;
			knownRegions = (
				en,
				Base,
			);
			mainGroup = 8DFCD25B208B992100FE0019;
			productRefGroup = 8DFCD265208B992100FE0019 /* Products */;
			projectDirPath = "";
			projectRoot = "";
			targets = (
				8DFCD263208B992100FE0019 /* BCApp */,
				8DFCD27E208B992300FE0019 /* BCAppTests */,
				8DFCD289208B992300FE0019 /* BCAppUITests */,
			);
		};
/* End PBXProject section */

/* Begin PBXResourcesBuildPhase section */
		8DFCD262208B992100FE0019 /* Resources */ = {
			isa = PBXResourcesBuildPhase;
			buildActionMask = 2147483647;
			files = (
				8DFCD277208B992300FE0019 /* LaunchScreen.storyboard in Resources */,
				8DFCD274208B992300FE0019 /* Assets.xcassets in Resources */,
				8DFCD26F208B992100FE0019 /* Main.storyboard in Resources */,
			);
			runOnlyForDeploymentPostprocessing = 0;
		};
		8DFCD27D208B992300FE0019 /* Resources */ = {
			isa = PBXResourcesBuildPhase;
			buildActionMask = 2147483647;
			files = (
			);
			runOnlyForDeploymentPostprocessing = 0;
		};
		8DFCD288208B992300FE0019 /* Resources */ = {
			isa = PBXResourcesBuildPhase;
			buildActionMask = 2147483647;
			files = (
			);
			runOnlyForDeploymentPostprocessing = 0;
		};
/* End PBXResourcesBuildPhase section */

/* Begin PBXShellScriptBuildPhase section */
		0FBF9457A98BB576E7FDCFA1 /* [CP] Check Pods Manifest.lock */ = {
			isa = PBXShellScriptBuildPhase;
			buildActionMask = 2147483647;
			files = (
			);
			inputPaths = (
				"${PODS_PODFILE_DIR_PATH}/Podfile.lock",
				"${PODS_ROOT}/Manifest.lock",
			);
			name = "[CP] Check Pods Manifest.lock";
			outputPaths = (
				"$(DERIVED_FILE_DIR)/Pods-BCAppTests-checkManifestLockResult.txt",
			);
			runOnlyForDeploymentPostprocessing = 0;
			shellPath = /bin/sh;
			shellScript = "diff \"${PODS_PODFILE_DIR_PATH}/Podfile.lock\" \"${PODS_ROOT}/Manifest.lock\" > /dev/null\nif [ $? != 0 ] ; then\n    # print error to STDERR\n    echo \"error: The sandbox is not in sync with the Podfile.lock. Run 'pod install' or update your CocoaPods installation.\" >&2\n    exit 1\nfi\n# This output is used by Xcode 'outputs' to avoid re-running this script phase.\necho \"SUCCESS\" > \"${SCRIPT_OUTPUT_FILE_0}\"\n";
			showEnvVarsInLog = 0;
		};
		2259B086FC6EDFE08C21D9BA /* [CP] Copy Pods Resources */ = {
			isa = PBXShellScriptBuildPhase;
			buildActionMask = 2147483647;
			files = (
			);
			inputPaths = (
				"${SRCROOT}/Pods/Target Support Files/Pods-BCAppTests/Pods-BCAppTests-resources.sh",
				"${PODS_ROOT}/Parse/Parse/Resources/en.lproj",
			);
			name = "[CP] Copy Pods Resources";
			outputPaths = (
				"${TARGET_BUILD_DIR}/${UNLOCALIZED_RESOURCES_FOLDER_PATH}/en.lproj",
			);
			runOnlyForDeploymentPostprocessing = 0;
			shellPath = /bin/sh;
			shellScript = "\"${SRCROOT}/Pods/Target Support Files/Pods-BCAppTests/Pods-BCAppTests-resources.sh\"\n";
			showEnvVarsInLog = 0;
		};
		4DEBEAEB953D07B860B7C53A /* [CP] Check Pods Manifest.lock */ = {
			isa = PBXShellScriptBuildPhase;
			buildActionMask = 2147483647;
			files = (
			);
			inputPaths = (
				"${PODS_PODFILE_DIR_PATH}/Podfile.lock",
				"${PODS_ROOT}/Manifest.lock",
			);
			name = "[CP] Check Pods Manifest.lock";
			outputPaths = (
				"$(DERIVED_FILE_DIR)/Pods-BCApp-checkManifestLockResult.txt",
			);
			runOnlyForDeploymentPostprocessing = 0;
			shellPath = /bin/sh;
			shellScript = "diff \"${PODS_PODFILE_DIR_PATH}/Podfile.lock\" \"${PODS_ROOT}/Manifest.lock\" > /dev/null\nif [ $? != 0 ] ; then\n    # print error to STDERR\n    echo \"error: The sandbox is not in sync with the Podfile.lock. Run 'pod install' or update your CocoaPods installation.\" >&2\n    exit 1\nfi\n# This output is used by Xcode 'outputs' to avoid re-running this script phase.\necho \"SUCCESS\" > \"${SCRIPT_OUTPUT_FILE_0}\"\n";
			showEnvVarsInLog = 0;
		};
		9D8701922BF9DFFB422AB4EB /* [CP] Check Pods Manifest.lock */ = {
			isa = PBXShellScriptBuildPhase;
			buildActionMask = 2147483647;
			files = (
			);
			inputPaths = (
				"${PODS_PODFILE_DIR_PATH}/Podfile.lock",
				"${PODS_ROOT}/Manifest.lock",
			);
			name = "[CP] Check Pods Manifest.lock";
			outputPaths = (
				"$(DERIVED_FILE_DIR)/Pods-BCAppUITests-checkManifestLockResult.txt",
			);
			runOnlyForDeploymentPostprocessing = 0;
			shellPath = /bin/sh;
			shellScript = "diff \"${PODS_PODFILE_DIR_PATH}/Podfile.lock\" \"${PODS_ROOT}/Manifest.lock\" > /dev/null\nif [ $? != 0 ] ; then\n    # print error to STDERR\n    echo \"error: The sandbox is not in sync with the Podfile.lock. Run 'pod install' or update your CocoaPods installation.\" >&2\n    exit 1\nfi\n# This output is used by Xcode 'outputs' to avoid re-running this script phase.\necho \"SUCCESS\" > \"${SCRIPT_OUTPUT_FILE_0}\"\n";
			showEnvVarsInLog = 0;
		};
/* End PBXShellScriptBuildPhase section */

/* Begin PBXSourcesBuildPhase section */
		8DFCD260208B992100FE0019 /* Sources */ = {
			isa = PBXSourcesBuildPhase;
			buildActionMask = 2147483647;
			files = (
				8DFCD29E208B9E1000FE0019 /* AuthController.m in Sources */,
				8DFCD26C208B992100FE0019 /* ViewController.m in Sources */,
				8DFCD272208B992100FE0019 /* BCApp.xcdatamodeld in Sources */,
				8DFCD27A208B992300FE0019 /* main.m in Sources */,
				8DFCD269208B992100FE0019 /* AppDelegate.m in Sources */,
			);
			runOnlyForDeploymentPostprocessing = 0;
		};
		8DFCD27B208B992300FE0019 /* Sources */ = {
			isa = PBXSourcesBuildPhase;
			buildActionMask = 2147483647;
			files = (
				8DFCD284208B992300FE0019 /* BCAppTests.m in Sources */,
			);
			runOnlyForDeploymentPostprocessing = 0;
		};
		8DFCD286208B992300FE0019 /* Sources */ = {
			isa = PBXSourcesBuildPhase;
			buildActionMask = 2147483647;
			files = (
				8DFCD28F208B992300FE0019 /* BCAppUITests.m in Sources */,
			);
			runOnlyForDeploymentPostprocessing = 0;
		};
/* End PBXSourcesBuildPhase section */

/* Begin PBXTargetDependency section */
		8DFCD281208B992300FE0019 /* PBXTargetDependency */ = {
			isa = PBXTargetDependency;
			target = 8DFCD263208B992100FE0019 /* BCApp */;
			targetProxy = 8DFCD280208B992300FE0019 /* PBXContainerItemProxy */;
		};
		8DFCD28C208B992300FE0019 /* PBXTargetDependency */ = {
			isa = PBXTargetDependency;
			target = 8DFCD263208B992100FE0019 /* BCApp */;
			targetProxy = 8DFCD28B208B992300FE0019 /* PBXContainerItemProxy */;
		};
/* End PBXTargetDependency section */

/* Begin PBXVariantGroup section */
		8DFCD26D208B992100FE0019 /* Main.storyboard */ = {
			isa = PBXVariantGroup;
			children = (
				8DFCD26E208B992100FE0019 /* Base */,
			);
			name = Main.storyboard;
			sourceTree = "<group>";
		};
		8DFCD275208B992300FE0019 /* LaunchScreen.storyboard */ = {
			isa = PBXVariantGroup;
			children = (
				8DFCD276208B992300FE0019 /* Base */,
			);
			name = LaunchScreen.storyboard;
			sourceTree = "<group>";
		};
/* End PBXVariantGroup section */

/* Begin XCBuildConfiguration section */
		8DFCD291208B992300FE0019 /* Debug */ = {
			isa = XCBuildConfiguration;
			buildSettings = {
				ALWAYS_SEARCH_USER_PATHS = NO;
				CLANG_ANALYZER_NONNULL = YES;
				CLANG_ANALYZER_NUMBER_OBJECT_CONVERSION = YES_AGGRESSIVE;
				CLANG_CXX_LANGUAGE_STANDARD = "gnu++14";
				CLANG_CXX_LIBRARY = "libc++";
				CLANG_ENABLE_MODULES = YES;
				CLANG_ENABLE_OBJC_ARC = YES;
				CLANG_ENABLE_OBJC_WEAK = YES;
				CLANG_WARN_BLOCK_CAPTURE_AUTORELEASING = YES;
				CLANG_WARN_BOOL_CONVERSION = YES;
				CLANG_WARN_COMMA = YES;
				CLANG_WARN_CONSTANT_CONVERSION = YES;
				CLANG_WARN_DEPRECATED_OBJC_IMPLEMENTATIONS = YES;
				CLANG_WARN_DIRECT_OBJC_ISA_USAGE = YES_ERROR;
				CLANG_WARN_DOCUMENTATION_COMMENTS = YES;
				CLANG_WARN_EMPTY_BODY = YES;
				CLANG_WARN_ENUM_CONVERSION = YES;
				CLANG_WARN_INFINITE_RECURSION = YES;
				CLANG_WARN_INT_CONVERSION = YES;
				CLANG_WARN_NON_LITERAL_NULL_CONVERSION = YES;
				CLANG_WARN_OBJC_IMPLICIT_RETAIN_SELF = YES;
				CLANG_WARN_OBJC_LITERAL_CONVERSION = YES;
				CLANG_WARN_OBJC_ROOT_CLASS = YES_ERROR;
				CLANG_WARN_RANGE_LOOP_ANALYSIS = YES;
				CLANG_WARN_STRICT_PROTOTYPES = YES;
				CLANG_WARN_SUSPICIOUS_MOVE = YES;
				CLANG_WARN_UNGUARDED_AVAILABILITY = YES_AGGRESSIVE;
				CLANG_WARN_UNREACHABLE_CODE = YES;
				CLANG_WARN__DUPLICATE_METHOD_MATCH = YES;
				CODE_SIGN_IDENTITY = "iPhone Developer";
				COPY_PHASE_STRIP = NO;
				DEBUG_INFORMATION_FORMAT = dwarf;
				ENABLE_STRICT_OBJC_MSGSEND = YES;
				ENABLE_TESTABILITY = YES;
				GCC_C_LANGUAGE_STANDARD = gnu11;
				GCC_DYNAMIC_NO_PIC = NO;
				GCC_NO_COMMON_BLOCKS = YES;
				GCC_OPTIMIZATION_LEVEL = 0;
				GCC_PREPROCESSOR_DEFINITIONS = (
					"DEBUG=1",
					"$(inherited)",
				);
				GCC_WARN_64_TO_32_BIT_CONVERSION = YES;
				GCC_WARN_ABOUT_RETURN_TYPE = YES_ERROR;
				GCC_WARN_UNDECLARED_SELECTOR = YES;
				GCC_WARN_UNINITIALIZED_AUTOS = YES_AGGRESSIVE;
				GCC_WARN_UNUSED_FUNCTION = YES;
				GCC_WARN_UNUSED_VARIABLE = YES;
				IPHONEOS_DEPLOYMENT_TARGET = 11.3;
				MTL_ENABLE_DEBUG_INFO = YES;
				ONLY_ACTIVE_ARCH = YES;
				SDKROOT = iphoneos;
			};
			name = Debug;
		};
		8DFCD292208B992300FE0019 /* Release */ = {
			isa = XCBuildConfiguration;
			buildSettings = {
				ALWAYS_SEARCH_USER_PATHS = NO;
				CLANG_ANALYZER_NONNULL = YES;
				CLANG_ANALYZER_NUMBER_OBJECT_CONVERSION = YES_AGGRESSIVE;
				CLANG_CXX_LANGUAGE_STANDARD = "gnu++14";
				CLANG_CXX_LIBRARY = "libc++";
				CLANG_ENABLE_MODULES = YES;
				CLANG_ENABLE_OBJC_ARC = YES;
				CLANG_ENABLE_OBJC_WEAK = YES;
				CLANG_WARN_BLOCK_CAPTURE_AUTORELEASING = YES;
				CLANG_WARN_BOOL_CONVERSION = YES;
				CLANG_WARN_COMMA = YES;
				CLANG_WARN_CONSTANT_CONVERSION = YES;
				CLANG_WARN_DEPRECATED_OBJC_IMPLEMENTATIONS = YES;
				CLANG_WARN_DIRECT_OBJC_ISA_USAGE = YES_ERROR;
				CLANG_WARN_DOCUMENTATION_COMMENTS = YES;
				CLANG_WARN_EMPTY_BODY = YES;
				CLANG_WARN_ENUM_CONVERSION = YES;
				CLANG_WARN_INFINITE_RECURSION = YES;
				CLANG_WARN_INT_CONVERSION = YES;
				CLANG_WARN_NON_LITERAL_NULL_CONVERSION = YES;
				CLANG_WARN_OBJC_IMPLICIT_RETAIN_SELF = YES;
				CLANG_WARN_OBJC_LITERAL_CONVERSION = YES;
				CLANG_WARN_OBJC_ROOT_CLASS = YES_ERROR;
				CLANG_WARN_RANGE_LOOP_ANALYSIS = YES;
				CLANG_WARN_STRICT_PROTOTYPES = YES;
				CLANG_WARN_SUSPICIOUS_MOVE = YES;
				CLANG_WARN_UNGUARDED_AVAILABILITY = YES_AGGRESSIVE;
				CLANG_WARN_UNREACHABLE_CODE = YES;
				CLANG_WARN__DUPLICATE_METHOD_MATCH = YES;
				CODE_SIGN_IDENTITY = "iPhone Developer";
				COPY_PHASE_STRIP = NO;
				DEBUG_INFORMATION_FORMAT = "dwarf-with-dsym";
				ENABLE_NS_ASSERTIONS = NO;
				ENABLE_STRICT_OBJC_MSGSEND = YES;
				GCC_C_LANGUAGE_STANDARD = gnu11;
				GCC_NO_COMMON_BLOCKS = YES;
				GCC_WARN_64_TO_32_BIT_CONVERSION = YES;
				GCC_WARN_ABOUT_RETURN_TYPE = YES_ERROR;
				GCC_WARN_UNDECLARED_SELECTOR = YES;
				GCC_WARN_UNINITIALIZED_AUTOS = YES_AGGRESSIVE;
				GCC_WARN_UNUSED_FUNCTION = YES;
				GCC_WARN_UNUSED_VARIABLE = YES;
				IPHONEOS_DEPLOYMENT_TARGET = 11.3;
				MTL_ENABLE_DEBUG_INFO = NO;
				SDKROOT = iphoneos;
				VALIDATE_PRODUCT = YES;
			};
			name = Release;
		};
		8DFCD294208B992300FE0019 /* Debug */ = {
			isa = XCBuildConfiguration;
			baseConfigurationReference = 874A1CF27AD96A9561492C47 /* Pods-BCApp.debug.xcconfig */;
			buildSettings = {
				ASSETCATALOG_COMPILER_APPICON_NAME = AppIcon;
				CODE_SIGN_STYLE = Automatic;
				DEVELOPMENT_TEAM = 6JRJ9AVXW3;
				INFOPLIST_FILE = BCApp/Info.plist;
				LD_RUNPATH_SEARCH_PATHS = (
					"$(inherited)",
					"@executable_path/Frameworks",
				);
				PRODUCT_BUNDLE_IDENTIFIER = com.doubletroublestudio.BCApp;
				PRODUCT_NAME = "$(TARGET_NAME)";
				TARGETED_DEVICE_FAMILY = "1,2";
			};
			name = Debug;
		};
		8DFCD295208B992300FE0019 /* Release */ = {
			isa = XCBuildConfiguration;
			baseConfigurationReference = 6CF17CE2AF7B6FFD097DD7A6 /* Pods-BCApp.release.xcconfig */;
			buildSettings = {
				ASSETCATALOG_COMPILER_APPICON_NAME = AppIcon;
				CODE_SIGN_STYLE = Automatic;
				DEVELOPMENT_TEAM = 6JRJ9AVXW3;
				INFOPLIST_FILE = BCApp/Info.plist;
				LD_RUNPATH_SEARCH_PATHS = (
					"$(inherited)",
					"@executable_path/Frameworks",
				);
				PRODUCT_BUNDLE_IDENTIFIER = com.doubletroublestudio.BCApp;
				PRODUCT_NAME = "$(TARGET_NAME)";
				TARGETED_DEVICE_FAMILY = "1,2";
			};
			name = Release;
		};
		8DFCD297208B992300FE0019 /* Debug */ = {
			isa = XCBuildConfiguration;
			baseConfigurationReference = 0367B36680721D14EDC55433 /* Pods-BCAppTests.debug.xcconfig */;
			buildSettings = {
				BUNDLE_LOADER = "$(TEST_HOST)";
				CODE_SIGN_STYLE = Automatic;
				DEVELOPMENT_TEAM = 6JRJ9AVXW3;
				INFOPLIST_FILE = BCAppTests/Info.plist;
				LD_RUNPATH_SEARCH_PATHS = (
					"$(inherited)",
					"@executable_path/Frameworks",
					"@loader_path/Frameworks",
				);
				PRODUCT_BUNDLE_IDENTIFIER = com.doubletroublestudio.BCAppTests;
				PRODUCT_NAME = "$(TARGET_NAME)";
				TARGETED_DEVICE_FAMILY = "1,2";
				TEST_HOST = "$(BUILT_PRODUCTS_DIR)/BCApp.app/BCApp";
			};
			name = Debug;
		};
		8DFCD298208B992300FE0019 /* Release */ = {
			isa = XCBuildConfiguration;
			baseConfigurationReference = 925EB86215582FDC50226A94 /* Pods-BCAppTests.release.xcconfig */;
			buildSettings = {
				BUNDLE_LOADER = "$(TEST_HOST)";
				CODE_SIGN_STYLE = Automatic;
				DEVELOPMENT_TEAM = 6JRJ9AVXW3;
				INFOPLIST_FILE = BCAppTests/Info.plist;
				LD_RUNPATH_SEARCH_PATHS = (
					"$(inherited)",
					"@executable_path/Frameworks",
					"@loader_path/Frameworks",
				);
				PRODUCT_BUNDLE_IDENTIFIER = com.doubletroublestudio.BCAppTests;
				PRODUCT_NAME = "$(TARGET_NAME)";
				TARGETED_DEVICE_FAMILY = "1,2";
				TEST_HOST = "$(BUILT_PRODUCTS_DIR)/BCApp.app/BCApp";
			};
			name = Release;
		};
		8DFCD29A208B992300FE0019 /* Debug */ = {
			isa = XCBuildConfiguration;
			baseConfigurationReference = 616B132B0040FEF8AC8C9D8F /* Pods-BCAppUITests.debug.xcconfig */;
			buildSettings = {
				CODE_SIGN_STYLE = Automatic;
				DEVELOPMENT_TEAM = 6JRJ9AVXW3;
				INFOPLIST_FILE = BCAppUITests/Info.plist;
				LD_RUNPATH_SEARCH_PATHS = (
					"$(inherited)",
					"@executable_path/Frameworks",
					"@loader_path/Frameworks",
				);
				PRODUCT_BUNDLE_IDENTIFIER = com.doubletroublestudio.BCAppUITests;
				PRODUCT_NAME = "$(TARGET_NAME)";
				TARGETED_DEVICE_FAMILY = "1,2";
				TEST_TARGET_NAME = BCApp;
			};
			name = Debug;
		};
		8DFCD29B208B992300FE0019 /* Release */ = {
			isa = XCBuildConfiguration;
			baseConfigurationReference = 9C3C2E03950634163C5FAA19 /* Pods-BCAppUITests.release.xcconfig */;
			buildSettings = {
				CODE_SIGN_STYLE = Automatic;
				DEVELOPMENT_TEAM = 6JRJ9AVXW3;
				INFOPLIST_FILE = BCAppUITests/Info.plist;
				LD_RUNPATH_SEARCH_PATHS = (
					"$(inherited)",
					"@executable_path/Frameworks",
					"@loader_path/Frameworks",
				);
				PRODUCT_BUNDLE_IDENTIFIER = com.doubletroublestudio.BCAppUITests;
				PRODUCT_NAME = "$(TARGET_NAME)";
				TARGETED_DEVICE_FAMILY = "1,2";
				TEST_TARGET_NAME = BCApp;
			};
			name = Release;
		};
/* End XCBuildConfiguration section */

/* Begin XCConfigurationList section */
		8DFCD25F208B992100FE0019 /* Build configuration list for PBXProject "BCApp" */ = {
			isa = XCConfigurationList;
			buildConfigurations = (
				8DFCD291208B992300FE0019 /* Debug */,
				8DFCD292208B992300FE0019 /* Release */,
			);
			defaultConfigurationIsVisible = 0;
			defaultConfigurationName = Release;
		};
		8DFCD293208B992300FE0019 /* Build configuration list for PBXNativeTarget "BCApp" */ = {
			isa = XCConfigurationList;
			buildConfigurations = (
				8DFCD294208B992300FE0019 /* Debug */,
				8DFCD295208B992300FE0019 /* Release */,
			);
			defaultConfigurationIsVisible = 0;
			defaultConfigurationName = Release;
		};
		8DFCD296208B992300FE0019 /* Build configuration list for PBXNativeTarget "BCAppTests" */ = {
			isa = XCConfigurationList;
			buildConfigurations = (
				8DFCD297208B992300FE0019 /* Debug */,
				8DFCD298208B992300FE0019 /* Release */,
			);
			defaultConfigurationIsVisible = 0;
			defaultConfigurationName = Release;
		};
		8DFCD299208B992300FE0019 /* Build configuration list for PBXNativeTarget "BCAppUITests" */ = {
			isa = XCConfigurationList;
			buildConfigurations = (
				8DFCD29A208B992300FE0019 /* Debug */,
				8DFCD29B208B992300FE0019 /* Release */,
			);
			defaultConfigurationIsVisible = 0;
			defaultConfigurationName = Release;
		};
/* End XCConfigurationList section */

/* Begin XCVersionGroup section */
		8DFCD270208B992100FE0019 /* BCApp.xcdatamodeld */ = {
			isa = XCVersionGroup;
			children = (
				8DFCD271208B992100FE0019 /* BCApp.xcdatamodel */,
			);
			currentVersion = 8DFCD271208B992100FE0019 /* BCApp.xcdatamodel */;
			path = BCApp.xcdatamodeld;
			sourceTree = "<group>";
			versionGroupType = wrapper.xcdatamodel;
		};
/* End XCVersionGroup section */
	};
	rootObject = 8DFCD25C208B992100FE0019 /* Project object */;
}
